// !$*UTF8*$!
{
	archiveVersion = 1;
	classes = {
	};
	objectVersion = 48;
	objects = {

/* Begin PBXBuildFile section */
		0A15A9512061EA750055A5DD /* BeerCatalog.framework in Frameworks */ = {isa = PBXBuildFile; fileRef = 0A15A9482061EA740055A5DD /* BeerCatalog.framework */; };
		0A15A9582061EA750055A5DD /* BeerCatalogTests.swift in Sources */ = {isa = PBXBuildFile; fileRef = 0A15A9572061EA750055A5DD /* BeerCatalogTests.swift */; };
		0A15A95A2061EA750055A5DD /* BeerCatalog.h in Headers */ = {isa = PBXBuildFile; fileRef = 0A15A94A2061EA740055A5DD /* BeerCatalog.h */; settings = {ATTRIBUTES = (Public, ); }; };
		0A15A9662061EADD0055A5DD /* ModelsFramework.framework in Frameworks */ = {isa = PBXBuildFile; fileRef = 0AB66FB3205E95D5003B4EA6 /* ModelsFramework.framework */; };
		0A15A9672061EADD0055A5DD /* UIFramework.framework in Frameworks */ = {isa = PBXBuildFile; fileRef = 0AB7DF38205D5E38003939AC /* UIFramework.framework */; };
		0A15A9682061EAF00055A5DD /* SnapKit.framework in Frameworks */ = {isa = PBXBuildFile; fileRef = 0ADE6A2E205D665900093FEA /* SnapKit.framework */; };
		0A15A96B2061EB240055A5DD /* ModelsFramework.framework in CopyFiles */ = {isa = PBXBuildFile; fileRef = 0AB66FB3205E95D5003B4EA6 /* ModelsFramework.framework */; settings = {ATTRIBUTES = (CodeSignOnCopy, RemoveHeadersOnCopy, ); }; };
		0A15A96C2061EB290055A5DD /* SnapKit.framework in CopyFiles */ = {isa = PBXBuildFile; fileRef = 0ADE6A2E205D665900093FEA /* SnapKit.framework */; settings = {ATTRIBUTES = (CodeSignOnCopy, RemoveHeadersOnCopy, ); }; };
		0A15A96D2061EB320055A5DD /* UIFramework.framework in CopyFiles */ = {isa = PBXBuildFile; fileRef = 0AB7DF38205D5E38003939AC /* UIFramework.framework */; settings = {ATTRIBUTES = (CodeSignOnCopy, RemoveHeadersOnCopy, ); }; };
		0A15A96F2061EB960055A5DD /* SnapKit.framework.dSYM in CopyFiles */ = {isa = PBXBuildFile; fileRef = 0ADE6A31205D66E200093FEA /* SnapKit.framework.dSYM */; };
		0A15A9702061EBAB0055A5DD /* NetworkFramework.framework in Frameworks */ = {isa = PBXBuildFile; fileRef = 0AB66F91205E95A4003B4EA6 /* NetworkFramework.framework */; };
		0A15A9712061EBB80055A5DD /* NetworkFramework.framework in CopyFiles */ = {isa = PBXBuildFile; fileRef = 0AB66F91205E95A4003B4EA6 /* NetworkFramework.framework */; settings = {ATTRIBUTES = (CodeSignOnCopy, RemoveHeadersOnCopy, ); }; };
		0A15A9732061EC3F0055A5DD /* BeerCatalogPresenterBuilder.swift in Sources */ = {isa = PBXBuildFile; fileRef = 0A15A9412061E62A0055A5DD /* BeerCatalogPresenterBuilder.swift */; };
		0A15A9742061EC420055A5DD /* BeerCatalogPresenter.swift in Sources */ = {isa = PBXBuildFile; fileRef = 9937100720618C3A0068815C /* BeerCatalogPresenter.swift */; };
		0A15A9752061EC4B0055A5DD /* BeerCatalogController.swift in Sources */ = {isa = PBXBuildFile; fileRef = 0A9B05FB205F0D4A004B4288 /* BeerCatalogController.swift */; };
		0A15A9762061EC500055A5DD /* BeerService.swift in Sources */ = {isa = PBXBuildFile; fileRef = 0A9B0603205F22EC004B4288 /* BeerService.swift */; };
		0A15A9772061EC550055A5DD /* BeerCatalogCoordinator.swift in Sources */ = {isa = PBXBuildFile; fileRef = 0A9B05F7205F0A1D004B4288 /* BeerCatalogCoordinator.swift */; };
		0A15A9782061ECB60055A5DD /* Coordinator.swift in Sources */ = {isa = PBXBuildFile; fileRef = 0A9B05F5205F09C1004B4288 /* Coordinator.swift */; };
		0A3621222061F10E00EE4DB8 /* BeerCatalog.framework in Frameworks */ = {isa = PBXBuildFile; fileRef = 0A15A9482061EA740055A5DD /* BeerCatalog.framework */; };
		0A3621232061F10E00EE4DB8 /* BeerCatalog.framework in Embed Frameworks */ = {isa = PBXBuildFile; fileRef = 0A15A9482061EA740055A5DD /* BeerCatalog.framework */; settings = {ATTRIBUTES = (CodeSignOnCopy, RemoveHeadersOnCopy, ); }; };
		0A3621262061F28600EE4DB8 /* FBSnapshotTestCase.framework in Frameworks */ = {isa = PBXBuildFile; fileRef = 0AF9DC06205D7B74004D9E9F /* FBSnapshotTestCase.framework */; };
		0A3621272061F28600EE4DB8 /* Nimble_Snapshots.framework in Frameworks */ = {isa = PBXBuildFile; fileRef = 0AF9DC07205D7B74004D9E9F /* Nimble_Snapshots.framework */; };
		0A3621282061F28600EE4DB8 /* Nimble.framework in Frameworks */ = {isa = PBXBuildFile; fileRef = 0AF9DC08205D7B74004D9E9F /* Nimble.framework */; };
		0A3621292061F28600EE4DB8 /* Quick.framework in Frameworks */ = {isa = PBXBuildFile; fileRef = 0AF9DC09205D7B74004D9E9F /* Quick.framework */; };
		0A36212C2061F2A000EE4DB8 /* Quick.framework in CopyFiles */ = {isa = PBXBuildFile; fileRef = 0AF9DC09205D7B74004D9E9F /* Quick.framework */; settings = {ATTRIBUTES = (CodeSignOnCopy, RemoveHeadersOnCopy, ); }; };
		0A36212D2061F2AE00EE4DB8 /* Nimble_Snapshots.framework in CopyFiles */ = {isa = PBXBuildFile; fileRef = 0AF9DC07205D7B74004D9E9F /* Nimble_Snapshots.framework */; settings = {ATTRIBUTES = (CodeSignOnCopy, RemoveHeadersOnCopy, ); }; };
		0A36212E2061F2AE00EE4DB8 /* Nimble.framework in CopyFiles */ = {isa = PBXBuildFile; fileRef = 0AF9DC08205D7B74004D9E9F /* Nimble.framework */; settings = {ATTRIBUTES = (CodeSignOnCopy, RemoveHeadersOnCopy, ); }; };
		0A36212F2061F2B500EE4DB8 /* FBSnapshotTestCase.framework in CopyFiles */ = {isa = PBXBuildFile; fileRef = 0AF9DC06205D7B74004D9E9F /* FBSnapshotTestCase.framework */; settings = {ATTRIBUTES = (CodeSignOnCopy, RemoveHeadersOnCopy, ); }; };
		0A3621302061F2C200EE4DB8 /* FBSnapshotTestCase.framework.dSYM in CopyFiles */ = {isa = PBXBuildFile; fileRef = 0AF9DC11205D7B9F004D9E9F /* FBSnapshotTestCase.framework.dSYM */; };
		0A3621312061F2C200EE4DB8 /* Nimble_Snapshots.framework.dSYM in CopyFiles */ = {isa = PBXBuildFile; fileRef = 0AF9DC10205D7B9F004D9E9F /* Nimble_Snapshots.framework.dSYM */; };
		0A3621322061F2C200EE4DB8 /* Nimble.framework.dSYM in CopyFiles */ = {isa = PBXBuildFile; fileRef = 0AF9DC12205D7B9F004D9E9F /* Nimble.framework.dSYM */; };
		0A3621332061F2C200EE4DB8 /* Quick.framework.dSYM in CopyFiles */ = {isa = PBXBuildFile; fileRef = 0AF9DC0F205D7B9F004D9E9F /* Quick.framework.dSYM */; };
		0A5B6988205D5CBB0029AEE8 /* AppDelegate.swift in Sources */ = {isa = PBXBuildFile; fileRef = 0A5B6987205D5CBB0029AEE8 /* AppDelegate.swift */; };
		0A5B698F205D5CBB0029AEE8 /* Assets.xcassets in Resources */ = {isa = PBXBuildFile; fileRef = 0A5B698E205D5CBB0029AEE8 /* Assets.xcassets */; };
		0A5B6992205D5CBB0029AEE8 /* LaunchScreen.storyboard in Resources */ = {isa = PBXBuildFile; fileRef = 0A5B6990205D5CBB0029AEE8 /* LaunchScreen.storyboard */; };
		0A7144E8205EE82E00641372 /* NetworkClient.swift in Sources */ = {isa = PBXBuildFile; fileRef = 0A7144E7205EE82E00641372 /* NetworkClient.swift */; };
		0A7144EA205EE84500641372 /* Result.swift in Sources */ = {isa = PBXBuildFile; fileRef = 0A7144E9205EE84500641372 /* Result.swift */; };
		0A7144EC205EE87500641372 /* NetworkErrors.swift in Sources */ = {isa = PBXBuildFile; fileRef = 0A7144EB205EE87500641372 /* NetworkErrors.swift */; };
		0A7144EE205EE8A500641372 /* Endpoint.swift in Sources */ = {isa = PBXBuildFile; fileRef = 0A7144ED205EE8A500641372 /* Endpoint.swift */; };
		0A7144F2205EF45700641372 /* TaskHandler.swift in Sources */ = {isa = PBXBuildFile; fileRef = 0A7144F1205EF45700641372 /* TaskHandler.swift */; };
		0A77463E2061EE5000C7E84E /* BeerTableViewCell.swift in Sources */ = {isa = PBXBuildFile; fileRef = 99B9E2932061807500E1517F /* BeerTableViewCell.swift */; };
		0A77463F2061EE5500C7E84E /* BeerTableViewDatasource.swift in Sources */ = {isa = PBXBuildFile; fileRef = 99B9E295206180CC00E1517F /* BeerTableViewDatasource.swift */; };
		0A7746402061EE5A00C7E84E /* BeerCatalogScreen.swift in Sources */ = {isa = PBXBuildFile; fileRef = 99B9E2972061811C00E1517F /* BeerCatalogScreen.swift */; };
		0A9B05F2205EF660004B4288 /* JsonDecoder+FatalError.swift in Sources */ = {isa = PBXBuildFile; fileRef = 0A9B05F1205EF660004B4288 /* JsonDecoder+FatalError.swift */; };
		0A9B05FA205F0A93004B4288 /* ApplicationCoordinator.swift in Sources */ = {isa = PBXBuildFile; fileRef = 0A9B05F9205F0A93004B4288 /* ApplicationCoordinator.swift */; };
		0A9B060E205F3334004B4288 /* Reusable.swift in Sources */ = {isa = PBXBuildFile; fileRef = 0A9B060D205F3334004B4288 /* Reusable.swift */; };
		0A9B0610205F338E004B4288 /* UITableView+Reusable.swift in Sources */ = {isa = PBXBuildFile; fileRef = 0A9B060F205F338E004B4288 /* UITableView+Reusable.swift */; };
		0AB66F9A205E95A4003B4EA6 /* NetworkFramework.framework in Frameworks */ = {isa = PBXBuildFile; fileRef = 0AB66F91205E95A4003B4EA6 /* NetworkFramework.framework */; };
		0AB66FA1205E95A4003B4EA6 /* NetworkFrameworkTests.swift in Sources */ = {isa = PBXBuildFile; fileRef = 0AB66FA0205E95A4003B4EA6 /* NetworkFrameworkTests.swift */; };
		0AB66FA3205E95A4003B4EA6 /* NetworkFramework.h in Headers */ = {isa = PBXBuildFile; fileRef = 0AB66F93205E95A4003B4EA6 /* NetworkFramework.h */; settings = {ATTRIBUTES = (Public, ); }; };
		0AB66FA6205E95A4003B4EA6 /* NetworkFramework.framework in Frameworks */ = {isa = PBXBuildFile; fileRef = 0AB66F91205E95A4003B4EA6 /* NetworkFramework.framework */; };
		0AB66FA7205E95A4003B4EA6 /* NetworkFramework.framework in Embed Frameworks */ = {isa = PBXBuildFile; fileRef = 0AB66F91205E95A4003B4EA6 /* NetworkFramework.framework */; settings = {ATTRIBUTES = (CodeSignOnCopy, RemoveHeadersOnCopy, ); }; };
		0AB66FBC205E95D6003B4EA6 /* ModelsFramework.framework in Frameworks */ = {isa = PBXBuildFile; fileRef = 0AB66FB3205E95D5003B4EA6 /* ModelsFramework.framework */; };
		0AB66FC3205E95D6003B4EA6 /* BeerSpec.swift in Sources */ = {isa = PBXBuildFile; fileRef = 0AB66FC2205E95D6003B4EA6 /* BeerSpec.swift */; };
		0AB66FC5205E95D6003B4EA6 /* ModelsFramework.h in Headers */ = {isa = PBXBuildFile; fileRef = 0AB66FB5205E95D5003B4EA6 /* ModelsFramework.h */; settings = {ATTRIBUTES = (Public, ); }; };
		0AB66FC8205E95D6003B4EA6 /* ModelsFramework.framework in Frameworks */ = {isa = PBXBuildFile; fileRef = 0AB66FB3205E95D5003B4EA6 /* ModelsFramework.framework */; };
		0AB66FC9205E95D6003B4EA6 /* ModelsFramework.framework in Embed Frameworks */ = {isa = PBXBuildFile; fileRef = 0AB66FB3205E95D5003B4EA6 /* ModelsFramework.framework */; settings = {ATTRIBUTES = (CodeSignOnCopy, RemoveHeadersOnCopy, ); }; };
		0AB66FD2205E9631003B4EA6 /* Nimble.framework in Frameworks */ = {isa = PBXBuildFile; fileRef = 0AF9DC08205D7B74004D9E9F /* Nimble.framework */; };
		0AB66FD3205E9631003B4EA6 /* Quick.framework in Frameworks */ = {isa = PBXBuildFile; fileRef = 0AF9DC09205D7B74004D9E9F /* Quick.framework */; };
		0AB66FD4205E963F003B4EA6 /* Nimble.framework in Copy Frameworks */ = {isa = PBXBuildFile; fileRef = 0AF9DC08205D7B74004D9E9F /* Nimble.framework */; settings = {ATTRIBUTES = (CodeSignOnCopy, RemoveHeadersOnCopy, ); }; };
		0AB66FD5205E963F003B4EA6 /* Quick.framework in Copy Frameworks */ = {isa = PBXBuildFile; fileRef = 0AF9DC09205D7B74004D9E9F /* Quick.framework */; settings = {ATTRIBUTES = (CodeSignOnCopy, RemoveHeadersOnCopy, ); }; };
		0AB66FD6205E9651003B4EA6 /* Nimble.framework.dSYM in Copy Frameworks dSYMs */ = {isa = PBXBuildFile; fileRef = 0AF9DC12205D7B9F004D9E9F /* Nimble.framework.dSYM */; };
		0AB66FD7205E9651003B4EA6 /* Quick.framework.dSYM in Copy Frameworks dSYMs */ = {isa = PBXBuildFile; fileRef = 0AF9DC0F205D7B9F004D9E9F /* Quick.framework.dSYM */; };
		0AB66FDB205E976C003B4EA6 /* beers.json in Resources */ = {isa = PBXBuildFile; fileRef = 0AB66FDA205E976C003B4EA6 /* beers.json */; };
		0AB66FDE205E97FE003B4EA6 /* JsonLoader.swift in Sources */ = {isa = PBXBuildFile; fileRef = 0AB66FDD205E97FE003B4EA6 /* JsonLoader.swift */; };
		0AB66FE0205E9A10003B4EA6 /* Beer.swift in Sources */ = {isa = PBXBuildFile; fileRef = 0AB66FDF205E9A10003B4EA6 /* Beer.swift */; };
		0AB7DF3C205D5E38003939AC /* UIFramework.h in Headers */ = {isa = PBXBuildFile; fileRef = 0AB7DF3A205D5E38003939AC /* UIFramework.h */; settings = {ATTRIBUTES = (Public, ); }; };
		0AB7DF3F205D5E38003939AC /* UIFramework.framework in Frameworks */ = {isa = PBXBuildFile; fileRef = 0AB7DF38205D5E38003939AC /* UIFramework.framework */; };
		0AB7DF40205D5E38003939AC /* UIFramework.framework in Embed Frameworks */ = {isa = PBXBuildFile; fileRef = 0AB7DF38205D5E38003939AC /* UIFramework.framework */; settings = {ATTRIBUTES = (CodeSignOnCopy, RemoveHeadersOnCopy, ); }; };
		0ADE6A34205D6B1200093FEA /* SnapKit.framework in Frameworks */ = {isa = PBXBuildFile; fileRef = 0ADE6A2E205D665900093FEA /* SnapKit.framework */; };
		0AF9DBFF205D6D8B004D9E9F /* SnapKit.framework.dSYM in Copy Carthage DSYMS */ = {isa = PBXBuildFile; fileRef = 0ADE6A31205D66E200093FEA /* SnapKit.framework.dSYM */; };
		0AF9DC01205D6E26004D9E9F /* SnapKit.framework in CopyFiles */ = {isa = PBXBuildFile; fileRef = 0ADE6A2E205D665900093FEA /* SnapKit.framework */; settings = {ATTRIBUTES = (CodeSignOnCopy, RemoveHeadersOnCopy, ); }; };
		0AF9DC03205D7A9C004D9E9F /* CodeView.swift in Sources */ = {isa = PBXBuildFile; fileRef = 0AF9DC02205D7A9C004D9E9F /* CodeView.swift */; };
		0AF9DC0C205D7B74004D9E9F /* Nimble.framework in Frameworks */ = {isa = PBXBuildFile; fileRef = 0AF9DC08205D7B74004D9E9F /* Nimble.framework */; };
		0AF9DC0D205D7B74004D9E9F /* Quick.framework in Frameworks */ = {isa = PBXBuildFile; fileRef = 0AF9DC09205D7B74004D9E9F /* Quick.framework */; };
		0AF9DC13205D7B9F004D9E9F /* Quick.framework.dSYM in Copy Frameworks dSYMS */ = {isa = PBXBuildFile; fileRef = 0AF9DC0F205D7B9F004D9E9F /* Quick.framework.dSYM */; };
		0AF9DC16205D7B9F004D9E9F /* Nimble.framework.dSYM in Copy Frameworks dSYMS */ = {isa = PBXBuildFile; fileRef = 0AF9DC12205D7B9F004D9E9F /* Nimble.framework.dSYM */; };
		0AF9DC1C205D7E21004D9E9F /* Nimble.framework in Copy Frameworks */ = {isa = PBXBuildFile; fileRef = 0AF9DC08205D7B74004D9E9F /* Nimble.framework */; settings = {ATTRIBUTES = (CodeSignOnCopy, RemoveHeadersOnCopy, ); }; };
		0AF9DC1D205D7E21004D9E9F /* Quick.framework in Copy Frameworks */ = {isa = PBXBuildFile; fileRef = 0AF9DC09205D7B74004D9E9F /* Quick.framework */; settings = {ATTRIBUTES = (CodeSignOnCopy, RemoveHeadersOnCopy, ); }; };
		0AF9DC25205D7EFA004D9E9F /* UIFrameworkSpec.swift in Sources */ = {isa = PBXBuildFile; fileRef = 0AF9DC24205D7EFA004D9E9F /* UIFrameworkSpec.swift */; };
		0AF9DC27205D7EFA004D9E9F /* UIFramework.framework in Frameworks */ = {isa = PBXBuildFile; fileRef = 0AB7DF38205D5E38003939AC /* UIFramework.framework */; };
		0AF9DC2D205D7F34004D9E9F /* FBSnapshotTestCase.framework in Frameworks */ = {isa = PBXBuildFile; fileRef = 0AF9DC06205D7B74004D9E9F /* FBSnapshotTestCase.framework */; };
		0AF9DC2E205D7F34004D9E9F /* Nimble_Snapshots.framework in Frameworks */ = {isa = PBXBuildFile; fileRef = 0AF9DC07205D7B74004D9E9F /* Nimble_Snapshots.framework */; };
		0AF9DC2F205D7F34004D9E9F /* Nimble.framework in Frameworks */ = {isa = PBXBuildFile; fileRef = 0AF9DC08205D7B74004D9E9F /* Nimble.framework */; };
		0AF9DC30205D7F34004D9E9F /* Quick.framework in Frameworks */ = {isa = PBXBuildFile; fileRef = 0AF9DC09205D7B74004D9E9F /* Quick.framework */; };
		0AF9DC32205D7F49004D9E9F /* FBSnapshotTestCase.framework.dSYM in Copy Frameworks dSYMs */ = {isa = PBXBuildFile; fileRef = 0AF9DC11205D7B9F004D9E9F /* FBSnapshotTestCase.framework.dSYM */; };
		0AF9DC33205D7F49004D9E9F /* Nimble_Snapshots.framework.dSYM in Copy Frameworks dSYMs */ = {isa = PBXBuildFile; fileRef = 0AF9DC10205D7B9F004D9E9F /* Nimble_Snapshots.framework.dSYM */; };
		0AF9DC34205D7F49004D9E9F /* Nimble.framework.dSYM in Copy Frameworks dSYMs */ = {isa = PBXBuildFile; fileRef = 0AF9DC12205D7B9F004D9E9F /* Nimble.framework.dSYM */; };
		0AF9DC35205D7F49004D9E9F /* Quick.framework.dSYM in Copy Frameworks dSYMs */ = {isa = PBXBuildFile; fileRef = 0AF9DC0F205D7B9F004D9E9F /* Quick.framework.dSYM */; };
		0AF9DC37205D7F9F004D9E9F /* FBSnapshotTestCase.framework in Copy Frameworks */ = {isa = PBXBuildFile; fileRef = 0AF9DC06205D7B74004D9E9F /* FBSnapshotTestCase.framework */; settings = {ATTRIBUTES = (CodeSignOnCopy, RemoveHeadersOnCopy, ); }; };
		0AF9DC38205D7F9F004D9E9F /* Nimble_Snapshots.framework in Copy Frameworks */ = {isa = PBXBuildFile; fileRef = 0AF9DC07205D7B74004D9E9F /* Nimble_Snapshots.framework */; settings = {ATTRIBUTES = (CodeSignOnCopy, RemoveHeadersOnCopy, ); }; };
		0AF9DC39205D7F9F004D9E9F /* Nimble.framework in Copy Frameworks */ = {isa = PBXBuildFile; fileRef = 0AF9DC08205D7B74004D9E9F /* Nimble.framework */; settings = {ATTRIBUTES = (CodeSignOnCopy, RemoveHeadersOnCopy, ); }; };
		0AF9DC3A205D7F9F004D9E9F /* Quick.framework in Copy Frameworks */ = {isa = PBXBuildFile; fileRef = 0AF9DC09205D7B74004D9E9F /* Quick.framework */; settings = {ATTRIBUTES = (CodeSignOnCopy, RemoveHeadersOnCopy, ); }; };
		99B9E2A02061850100E1517F /* ModelsFramework.framework in Frameworks */ = {isa = PBXBuildFile; fileRef = 0AB66FB3205E95D5003B4EA6 /* ModelsFramework.framework */; };
		99B9E2A12061851B00E1517F /* ModelsFramework.framework in CopyFiles */ = {isa = PBXBuildFile; fileRef = 0AB66FB3205E95D5003B4EA6 /* ModelsFramework.framework */; settings = {ATTRIBUTES = (CodeSignOnCopy, RemoveHeadersOnCopy, ); }; };
/* End PBXBuildFile section */

/* Begin PBXContainerItemProxy section */
		0A15A9522061EA750055A5DD /* PBXContainerItemProxy */ = {
			isa = PBXContainerItemProxy;
			containerPortal = 0A5B697C205D5CBB0029AEE8 /* Project object */;
			proxyType = 1;
			remoteGlobalIDString = 0A15A9472061EA740055A5DD;
			remoteInfo = BeerCatalog;
		};
		0A15A9542061EA750055A5DD /* PBXContainerItemProxy */ = {
			isa = PBXContainerItemProxy;
			containerPortal = 0A5B697C205D5CBB0029AEE8 /* Project object */;
			proxyType = 1;
			remoteGlobalIDString = 0A5B6983205D5CBB0029AEE8;
			remoteInfo = BeersApp;
		};
		0A15A95B2061EA750055A5DD /* PBXContainerItemProxy */ = {
			isa = PBXContainerItemProxy;
			containerPortal = 0A5B697C205D5CBB0029AEE8 /* Project object */;
			proxyType = 1;
			remoteGlobalIDString = 0A15A9472061EA740055A5DD;
			remoteInfo = BeerCatalog;
		};
		0A5B6999205D5CBB0029AEE8 /* PBXContainerItemProxy */ = {
			isa = PBXContainerItemProxy;
			containerPortal = 0A5B697C205D5CBB0029AEE8 /* Project object */;
			proxyType = 1;
			remoteGlobalIDString = 0A5B6983205D5CBB0029AEE8;
			remoteInfo = BeersApp;
		};
		0AB66F9B205E95A4003B4EA6 /* PBXContainerItemProxy */ = {
			isa = PBXContainerItemProxy;
			containerPortal = 0A5B697C205D5CBB0029AEE8 /* Project object */;
			proxyType = 1;
			remoteGlobalIDString = 0AB66F90205E95A4003B4EA6;
			remoteInfo = NetworkFramework;
		};
		0AB66F9D205E95A4003B4EA6 /* PBXContainerItemProxy */ = {
			isa = PBXContainerItemProxy;
			containerPortal = 0A5B697C205D5CBB0029AEE8 /* Project object */;
			proxyType = 1;
			remoteGlobalIDString = 0A5B6983205D5CBB0029AEE8;
			remoteInfo = BeersApp;
		};
		0AB66FA4205E95A4003B4EA6 /* PBXContainerItemProxy */ = {
			isa = PBXContainerItemProxy;
			containerPortal = 0A5B697C205D5CBB0029AEE8 /* Project object */;
			proxyType = 1;
			remoteGlobalIDString = 0AB66F90205E95A4003B4EA6;
			remoteInfo = NetworkFramework;
		};
		0AB66FBD205E95D6003B4EA6 /* PBXContainerItemProxy */ = {
			isa = PBXContainerItemProxy;
			containerPortal = 0A5B697C205D5CBB0029AEE8 /* Project object */;
			proxyType = 1;
			remoteGlobalIDString = 0AB66FB2205E95D5003B4EA6;
			remoteInfo = ModelsFramework;
		};
		0AB66FBF205E95D6003B4EA6 /* PBXContainerItemProxy */ = {
			isa = PBXContainerItemProxy;
			containerPortal = 0A5B697C205D5CBB0029AEE8 /* Project object */;
			proxyType = 1;
			remoteGlobalIDString = 0A5B6983205D5CBB0029AEE8;
			remoteInfo = BeersApp;
		};
		0AB66FC6205E95D6003B4EA6 /* PBXContainerItemProxy */ = {
			isa = PBXContainerItemProxy;
			containerPortal = 0A5B697C205D5CBB0029AEE8 /* Project object */;
			proxyType = 1;
			remoteGlobalIDString = 0AB66FB2205E95D5003B4EA6;
			remoteInfo = ModelsFramework;
		};
		0AB7DF3D205D5E38003939AC /* PBXContainerItemProxy */ = {
			isa = PBXContainerItemProxy;
			containerPortal = 0A5B697C205D5CBB0029AEE8 /* Project object */;
			proxyType = 1;
			remoteGlobalIDString = 0AB7DF37205D5E38003939AC;
			remoteInfo = UIFramework;
		};
		0AF9DC28205D7EFA004D9E9F /* PBXContainerItemProxy */ = {
			isa = PBXContainerItemProxy;
			containerPortal = 0A5B697C205D5CBB0029AEE8 /* Project object */;
			proxyType = 1;
			remoteGlobalIDString = 0AB7DF37205D5E38003939AC;
			remoteInfo = UIFramework;
		};
/* End PBXContainerItemProxy section */

/* Begin PBXCopyFilesBuildPhase section */
		0A15A9692061EB0C0055A5DD /* CopyFiles */ = {
			isa = PBXCopyFilesBuildPhase;
			buildActionMask = 2147483647;
			dstPath = "";
			dstSubfolderSpec = 10;
			files = (
				0A15A9712061EBB80055A5DD /* NetworkFramework.framework in CopyFiles */,
				0A15A96D2061EB320055A5DD /* UIFramework.framework in CopyFiles */,
				0A15A96C2061EB290055A5DD /* SnapKit.framework in CopyFiles */,
				0A15A96B2061EB240055A5DD /* ModelsFramework.framework in CopyFiles */,
			);
			runOnlyForDeploymentPostprocessing = 0;
		};
		0A15A96A2061EB0D0055A5DD /* CopyFiles */ = {
			isa = PBXCopyFilesBuildPhase;
			buildActionMask = 2147483647;
			dstPath = "";
			dstSubfolderSpec = 16;
			files = (
				0A15A96F2061EB960055A5DD /* SnapKit.framework.dSYM in CopyFiles */,
			);
			runOnlyForDeploymentPostprocessing = 0;
		};
		0A36212A2061F29400EE4DB8 /* CopyFiles */ = {
			isa = PBXCopyFilesBuildPhase;
			buildActionMask = 2147483647;
			dstPath = "";
			dstSubfolderSpec = 10;
			files = (
				0A36212F2061F2B500EE4DB8 /* FBSnapshotTestCase.framework in CopyFiles */,
				0A36212D2061F2AE00EE4DB8 /* Nimble_Snapshots.framework in CopyFiles */,
				0A36212E2061F2AE00EE4DB8 /* Nimble.framework in CopyFiles */,
				0A36212C2061F2A000EE4DB8 /* Quick.framework in CopyFiles */,
			);
			runOnlyForDeploymentPostprocessing = 0;
		};
		0A36212B2061F29600EE4DB8 /* CopyFiles */ = {
			isa = PBXCopyFilesBuildPhase;
			buildActionMask = 2147483647;
			dstPath = "";
			dstSubfolderSpec = 16;
			files = (
				0A3621302061F2C200EE4DB8 /* FBSnapshotTestCase.framework.dSYM in CopyFiles */,
				0A3621312061F2C200EE4DB8 /* Nimble_Snapshots.framework.dSYM in CopyFiles */,
				0A3621322061F2C200EE4DB8 /* Nimble.framework.dSYM in CopyFiles */,
				0A3621332061F2C200EE4DB8 /* Quick.framework.dSYM in CopyFiles */,
			);
			runOnlyForDeploymentPostprocessing = 0;
		};
		0AB66FD0205E960C003B4EA6 /* Copy Frameworks */ = {
			isa = PBXCopyFilesBuildPhase;
			buildActionMask = 2147483647;
			dstPath = "";
			dstSubfolderSpec = 10;
			files = (
				0AB66FD4205E963F003B4EA6 /* Nimble.framework in Copy Frameworks */,
				0AB66FD5205E963F003B4EA6 /* Quick.framework in Copy Frameworks */,
			);
			name = "Copy Frameworks";
			runOnlyForDeploymentPostprocessing = 0;
		};
		0AB66FD1205E960E003B4EA6 /* Copy Frameworks dSYMs */ = {
			isa = PBXCopyFilesBuildPhase;
			buildActionMask = 2147483647;
			dstPath = "";
			dstSubfolderSpec = 16;
			files = (
				0AB66FD6205E9651003B4EA6 /* Nimble.framework.dSYM in Copy Frameworks dSYMs */,
				0AB66FD7205E9651003B4EA6 /* Quick.framework.dSYM in Copy Frameworks dSYMs */,
			);
			name = "Copy Frameworks dSYMs";
			runOnlyForDeploymentPostprocessing = 0;
		};
		0AB7DF44205D5E38003939AC /* Embed Frameworks */ = {
			isa = PBXCopyFilesBuildPhase;
			buildActionMask = 2147483647;
			dstPath = "";
			dstSubfolderSpec = 10;
			files = (
				0AB66FA7205E95A4003B4EA6 /* NetworkFramework.framework in Embed Frameworks */,
				0AB66FC9205E95D6003B4EA6 /* ModelsFramework.framework in Embed Frameworks */,
				0A3621232061F10E00EE4DB8 /* BeerCatalog.framework in Embed Frameworks */,
				0AB7DF40205D5E38003939AC /* UIFramework.framework in Embed Frameworks */,
			);
			name = "Embed Frameworks";
			runOnlyForDeploymentPostprocessing = 0;
		};
		0ADE6A30205D668400093FEA /* Copy Carthage DSYMS */ = {
			isa = PBXCopyFilesBuildPhase;
			buildActionMask = 2147483647;
			dstPath = "";
			dstSubfolderSpec = 16;
			files = (
				0AF9DBFF205D6D8B004D9E9F /* SnapKit.framework.dSYM in Copy Carthage DSYMS */,
			);
			name = "Copy Carthage DSYMS";
			runOnlyForDeploymentPostprocessing = 0;
		};
		0AF9DC00205D6E15004D9E9F /* CopyFiles */ = {
			isa = PBXCopyFilesBuildPhase;
			buildActionMask = 2147483647;
			dstPath = "";
			dstSubfolderSpec = 10;
			files = (
				99B9E2A12061851B00E1517F /* ModelsFramework.framework in CopyFiles */,
				0AF9DC01205D6E26004D9E9F /* SnapKit.framework in CopyFiles */,
			);
			runOnlyForDeploymentPostprocessing = 0;
		};
		0AF9DC0E205D7B7B004D9E9F /* Copy Frameworks dSYMS */ = {
			isa = PBXCopyFilesBuildPhase;
			buildActionMask = 2147483647;
			dstPath = "";
			dstSubfolderSpec = 16;
			files = (
				0AF9DC13205D7B9F004D9E9F /* Quick.framework.dSYM in Copy Frameworks dSYMS */,
				0AF9DC16205D7B9F004D9E9F /* Nimble.framework.dSYM in Copy Frameworks dSYMS */,
			);
			name = "Copy Frameworks dSYMS";
			runOnlyForDeploymentPostprocessing = 0;
		};
		0AF9DC19205D7E11004D9E9F /* Copy Frameworks */ = {
			isa = PBXCopyFilesBuildPhase;
			buildActionMask = 2147483647;
			dstPath = "";
			dstSubfolderSpec = 10;
			files = (
				0AF9DC1C205D7E21004D9E9F /* Nimble.framework in Copy Frameworks */,
				0AF9DC1D205D7E21004D9E9F /* Quick.framework in Copy Frameworks */,
			);
			name = "Copy Frameworks";
			runOnlyForDeploymentPostprocessing = 0;
		};
		0AF9DC31205D7F3E004D9E9F /* Copy Frameworks dSYMs */ = {
			isa = PBXCopyFilesBuildPhase;
			buildActionMask = 2147483647;
			dstPath = "";
			dstSubfolderSpec = 16;
			files = (
				0AF9DC32205D7F49004D9E9F /* FBSnapshotTestCase.framework.dSYM in Copy Frameworks dSYMs */,
				0AF9DC33205D7F49004D9E9F /* Nimble_Snapshots.framework.dSYM in Copy Frameworks dSYMs */,
				0AF9DC34205D7F49004D9E9F /* Nimble.framework.dSYM in Copy Frameworks dSYMs */,
				0AF9DC35205D7F49004D9E9F /* Quick.framework.dSYM in Copy Frameworks dSYMs */,
			);
			name = "Copy Frameworks dSYMs";
			runOnlyForDeploymentPostprocessing = 0;
		};
		0AF9DC36205D7F4C004D9E9F /* Copy Frameworks */ = {
			isa = PBXCopyFilesBuildPhase;
			buildActionMask = 2147483647;
			dstPath = "";
			dstSubfolderSpec = 10;
			files = (
				0AF9DC37205D7F9F004D9E9F /* FBSnapshotTestCase.framework in Copy Frameworks */,
				0AF9DC38205D7F9F004D9E9F /* Nimble_Snapshots.framework in Copy Frameworks */,
				0AF9DC39205D7F9F004D9E9F /* Nimble.framework in Copy Frameworks */,
				0AF9DC3A205D7F9F004D9E9F /* Quick.framework in Copy Frameworks */,
			);
			name = "Copy Frameworks";
			runOnlyForDeploymentPostprocessing = 0;
		};
/* End PBXCopyFilesBuildPhase section */

/* Begin PBXFileReference section */
		0A15A9412061E62A0055A5DD /* BeerCatalogPresenterBuilder.swift */ = {isa = PBXFileReference; lastKnownFileType = sourcecode.swift; path = BeerCatalogPresenterBuilder.swift; sourceTree = "<group>"; };
		0A15A9482061EA740055A5DD /* BeerCatalog.framework */ = {isa = PBXFileReference; explicitFileType = wrapper.framework; includeInIndex = 0; path = BeerCatalog.framework; sourceTree = BUILT_PRODUCTS_DIR; };
		0A15A94A2061EA740055A5DD /* BeerCatalog.h */ = {isa = PBXFileReference; lastKnownFileType = sourcecode.c.h; path = BeerCatalog.h; sourceTree = "<group>"; };
		0A15A9502061EA750055A5DD /* BeerCatalogTests.xctest */ = {isa = PBXFileReference; explicitFileType = wrapper.cfbundle; includeInIndex = 0; path = BeerCatalogTests.xctest; sourceTree = BUILT_PRODUCTS_DIR; };
		0A15A9572061EA750055A5DD /* BeerCatalogTests.swift */ = {isa = PBXFileReference; lastKnownFileType = sourcecode.swift; path = BeerCatalogTests.swift; sourceTree = "<group>"; };
		0A5B6984205D5CBB0029AEE8 /* BeersApp.app */ = {isa = PBXFileReference; explicitFileType = wrapper.application; includeInIndex = 0; path = BeersApp.app; sourceTree = BUILT_PRODUCTS_DIR; };
		0A5B6987205D5CBB0029AEE8 /* AppDelegate.swift */ = {isa = PBXFileReference; lastKnownFileType = sourcecode.swift; path = AppDelegate.swift; sourceTree = "<group>"; };
		0A5B698E205D5CBB0029AEE8 /* Assets.xcassets */ = {isa = PBXFileReference; lastKnownFileType = folder.assetcatalog; path = Assets.xcassets; sourceTree = "<group>"; };
		0A5B6991205D5CBB0029AEE8 /* Base */ = {isa = PBXFileReference; lastKnownFileType = file.storyboard; name = Base; path = Base.lproj/LaunchScreen.storyboard; sourceTree = "<group>"; };
		0A5B6993205D5CBB0029AEE8 /* Info.plist */ = {isa = PBXFileReference; lastKnownFileType = text.plist.xml; path = Info.plist; sourceTree = "<group>"; };
		0A5B6998205D5CBB0029AEE8 /* BeersAppTests.xctest */ = {isa = PBXFileReference; explicitFileType = wrapper.cfbundle; includeInIndex = 0; path = BeersAppTests.xctest; sourceTree = BUILT_PRODUCTS_DIR; };
		0A5B699E205D5CBB0029AEE8 /* Info.plist */ = {isa = PBXFileReference; lastKnownFileType = text.plist.xml; path = Info.plist; sourceTree = "<group>"; };
		0A7144E7205EE82E00641372 /* NetworkClient.swift */ = {isa = PBXFileReference; lastKnownFileType = sourcecode.swift; path = NetworkClient.swift; sourceTree = "<group>"; };
		0A7144E9205EE84500641372 /* Result.swift */ = {isa = PBXFileReference; lastKnownFileType = sourcecode.swift; path = Result.swift; sourceTree = "<group>"; };
		0A7144EB205EE87500641372 /* NetworkErrors.swift */ = {isa = PBXFileReference; lastKnownFileType = sourcecode.swift; path = NetworkErrors.swift; sourceTree = "<group>"; };
		0A7144ED205EE8A500641372 /* Endpoint.swift */ = {isa = PBXFileReference; lastKnownFileType = sourcecode.swift; path = Endpoint.swift; sourceTree = "<group>"; };
		0A7144F1205EF45700641372 /* TaskHandler.swift */ = {isa = PBXFileReference; lastKnownFileType = sourcecode.swift; path = TaskHandler.swift; sourceTree = "<group>"; };
		0A7746412061EFA900C7E84E /* Info.plist */ = {isa = PBXFileReference; fileEncoding = 4; lastKnownFileType = text.plist.xml; path = Info.plist; sourceTree = "<group>"; };
		0A7746432061EFC900C7E84E /* Info.plist */ = {isa = PBXFileReference; fileEncoding = 4; lastKnownFileType = text.plist.xml; path = Info.plist; sourceTree = "<group>"; };
		0A9B05F1205EF660004B4288 /* JsonDecoder+FatalError.swift */ = {isa = PBXFileReference; lastKnownFileType = sourcecode.swift; path = "JsonDecoder+FatalError.swift"; sourceTree = "<group>"; };
		0A9B05F5205F09C1004B4288 /* Coordinator.swift */ = {isa = PBXFileReference; lastKnownFileType = sourcecode.swift; path = Coordinator.swift; sourceTree = "<group>"; };
		0A9B05F7205F0A1D004B4288 /* BeerCatalogCoordinator.swift */ = {isa = PBXFileReference; lastKnownFileType = sourcecode.swift; path = BeerCatalogCoordinator.swift; sourceTree = "<group>"; };
		0A9B05F9205F0A93004B4288 /* ApplicationCoordinator.swift */ = {isa = PBXFileReference; lastKnownFileType = sourcecode.swift; path = ApplicationCoordinator.swift; sourceTree = "<group>"; };
		0A9B05FB205F0D4A004B4288 /* BeerCatalogController.swift */ = {isa = PBXFileReference; lastKnownFileType = sourcecode.swift; path = BeerCatalogController.swift; sourceTree = "<group>"; };
		0A9B0603205F22EC004B4288 /* BeerService.swift */ = {isa = PBXFileReference; lastKnownFileType = sourcecode.swift; path = BeerService.swift; sourceTree = "<group>"; };
		0A9B060D205F3334004B4288 /* Reusable.swift */ = {isa = PBXFileReference; lastKnownFileType = sourcecode.swift; path = Reusable.swift; sourceTree = "<group>"; };
		0A9B060F205F338E004B4288 /* UITableView+Reusable.swift */ = {isa = PBXFileReference; lastKnownFileType = sourcecode.swift; path = "UITableView+Reusable.swift"; sourceTree = "<group>"; };
		0AB66F91205E95A4003B4EA6 /* NetworkFramework.framework */ = {isa = PBXFileReference; explicitFileType = wrapper.framework; includeInIndex = 0; path = NetworkFramework.framework; sourceTree = BUILT_PRODUCTS_DIR; };
		0AB66F93205E95A4003B4EA6 /* NetworkFramework.h */ = {isa = PBXFileReference; lastKnownFileType = sourcecode.c.h; path = NetworkFramework.h; sourceTree = "<group>"; };
		0AB66F94205E95A4003B4EA6 /* Info.plist */ = {isa = PBXFileReference; lastKnownFileType = text.plist.xml; path = Info.plist; sourceTree = "<group>"; };
		0AB66F99205E95A4003B4EA6 /* NetworkFrameworkTests.xctest */ = {isa = PBXFileReference; explicitFileType = wrapper.cfbundle; includeInIndex = 0; path = NetworkFrameworkTests.xctest; sourceTree = BUILT_PRODUCTS_DIR; };
		0AB66FA0205E95A4003B4EA6 /* NetworkFrameworkTests.swift */ = {isa = PBXFileReference; lastKnownFileType = sourcecode.swift; path = NetworkFrameworkTests.swift; sourceTree = "<group>"; };
		0AB66FA2205E95A4003B4EA6 /* Info.plist */ = {isa = PBXFileReference; lastKnownFileType = text.plist.xml; path = Info.plist; sourceTree = "<group>"; };
		0AB66FB3205E95D5003B4EA6 /* ModelsFramework.framework */ = {isa = PBXFileReference; explicitFileType = wrapper.framework; includeInIndex = 0; path = ModelsFramework.framework; sourceTree = BUILT_PRODUCTS_DIR; };
		0AB66FB5205E95D5003B4EA6 /* ModelsFramework.h */ = {isa = PBXFileReference; lastKnownFileType = sourcecode.c.h; path = ModelsFramework.h; sourceTree = "<group>"; };
		0AB66FB6205E95D5003B4EA6 /* Info.plist */ = {isa = PBXFileReference; lastKnownFileType = text.plist.xml; path = Info.plist; sourceTree = "<group>"; };
		0AB66FBB205E95D6003B4EA6 /* ModelsFrameworkTests.xctest */ = {isa = PBXFileReference; explicitFileType = wrapper.cfbundle; includeInIndex = 0; path = ModelsFrameworkTests.xctest; sourceTree = BUILT_PRODUCTS_DIR; };
		0AB66FC2205E95D6003B4EA6 /* BeerSpec.swift */ = {isa = PBXFileReference; lastKnownFileType = sourcecode.swift; path = BeerSpec.swift; sourceTree = "<group>"; };
		0AB66FC4205E95D6003B4EA6 /* Info.plist */ = {isa = PBXFileReference; lastKnownFileType = text.plist.xml; path = Info.plist; sourceTree = "<group>"; };
		0AB66FDA205E976C003B4EA6 /* beers.json */ = {isa = PBXFileReference; lastKnownFileType = text.json; path = beers.json; sourceTree = "<group>"; };
		0AB66FDD205E97FE003B4EA6 /* JsonLoader.swift */ = {isa = PBXFileReference; lastKnownFileType = sourcecode.swift; path = JsonLoader.swift; sourceTree = "<group>"; };
		0AB66FDF205E9A10003B4EA6 /* Beer.swift */ = {isa = PBXFileReference; lastKnownFileType = sourcecode.swift; path = Beer.swift; sourceTree = "<group>"; };
		0AB7DF38205D5E38003939AC /* UIFramework.framework */ = {isa = PBXFileReference; explicitFileType = wrapper.framework; includeInIndex = 0; path = UIFramework.framework; sourceTree = BUILT_PRODUCTS_DIR; };
		0AB7DF3A205D5E38003939AC /* UIFramework.h */ = {isa = PBXFileReference; lastKnownFileType = sourcecode.c.h; path = UIFramework.h; sourceTree = "<group>"; };
		0AB7DF3B205D5E38003939AC /* Info.plist */ = {isa = PBXFileReference; lastKnownFileType = text.plist.xml; path = Info.plist; sourceTree = "<group>"; };
		0ADE6A2E205D665900093FEA /* SnapKit.framework */ = {isa = PBXFileReference; lastKnownFileType = wrapper.framework; name = SnapKit.framework; path = Carthage/Build/iOS/SnapKit.framework; sourceTree = "<group>"; };
		0ADE6A31205D66E200093FEA /* SnapKit.framework.dSYM */ = {isa = PBXFileReference; lastKnownFileType = wrapper.dsym; path = SnapKit.framework.dSYM; sourceTree = "<group>"; };
		0AF9DC02205D7A9C004D9E9F /* CodeView.swift */ = {isa = PBXFileReference; lastKnownFileType = sourcecode.swift; path = CodeView.swift; sourceTree = "<group>"; };
		0AF9DC06205D7B74004D9E9F /* FBSnapshotTestCase.framework */ = {isa = PBXFileReference; lastKnownFileType = wrapper.framework; name = FBSnapshotTestCase.framework; path = Carthage/Build/iOS/FBSnapshotTestCase.framework; sourceTree = "<group>"; };
		0AF9DC07205D7B74004D9E9F /* Nimble_Snapshots.framework */ = {isa = PBXFileReference; lastKnownFileType = wrapper.framework; name = Nimble_Snapshots.framework; path = Carthage/Build/iOS/Nimble_Snapshots.framework; sourceTree = "<group>"; };
		0AF9DC08205D7B74004D9E9F /* Nimble.framework */ = {isa = PBXFileReference; lastKnownFileType = wrapper.framework; name = Nimble.framework; path = Carthage/Build/iOS/Nimble.framework; sourceTree = "<group>"; };
		0AF9DC09205D7B74004D9E9F /* Quick.framework */ = {isa = PBXFileReference; lastKnownFileType = wrapper.framework; name = Quick.framework; path = Carthage/Build/iOS/Quick.framework; sourceTree = "<group>"; };
		0AF9DC0F205D7B9F004D9E9F /* Quick.framework.dSYM */ = {isa = PBXFileReference; lastKnownFileType = wrapper.dsym; path = Quick.framework.dSYM; sourceTree = "<group>"; };
		0AF9DC10205D7B9F004D9E9F /* Nimble_Snapshots.framework.dSYM */ = {isa = PBXFileReference; lastKnownFileType = wrapper.dsym; path = Nimble_Snapshots.framework.dSYM; sourceTree = "<group>"; };
		0AF9DC11205D7B9F004D9E9F /* FBSnapshotTestCase.framework.dSYM */ = {isa = PBXFileReference; lastKnownFileType = wrapper.dsym; path = FBSnapshotTestCase.framework.dSYM; sourceTree = "<group>"; };
		0AF9DC12205D7B9F004D9E9F /* Nimble.framework.dSYM */ = {isa = PBXFileReference; lastKnownFileType = wrapper.dsym; path = Nimble.framework.dSYM; sourceTree = "<group>"; };
		0AF9DC22205D7EFA004D9E9F /* UIFrameworkTests.xctest */ = {isa = PBXFileReference; explicitFileType = wrapper.cfbundle; includeInIndex = 0; path = UIFrameworkTests.xctest; sourceTree = BUILT_PRODUCTS_DIR; };
		0AF9DC24205D7EFA004D9E9F /* UIFrameworkSpec.swift */ = {isa = PBXFileReference; lastKnownFileType = sourcecode.swift; path = UIFrameworkSpec.swift; sourceTree = "<group>"; };
		0AF9DC26205D7EFA004D9E9F /* Info.plist */ = {isa = PBXFileReference; lastKnownFileType = text.plist.xml; path = Info.plist; sourceTree = "<group>"; };
		99371005206188E00068815C /* Project.playground */ = {isa = PBXFileReference; lastKnownFileType = file.playground; path = Project.playground; sourceTree = "<group>"; xcLanguageSpecificationIdentifier = xcode.lang.swift; };
		9937100720618C3A0068815C /* BeerCatalogPresenter.swift */ = {isa = PBXFileReference; lastKnownFileType = sourcecode.swift; path = BeerCatalogPresenter.swift; sourceTree = "<group>"; };
		99B9E2932061807500E1517F /* BeerTableViewCell.swift */ = {isa = PBXFileReference; lastKnownFileType = sourcecode.swift; path = BeerTableViewCell.swift; sourceTree = "<group>"; };
		99B9E295206180CC00E1517F /* BeerTableViewDatasource.swift */ = {isa = PBXFileReference; lastKnownFileType = sourcecode.swift; path = BeerTableViewDatasource.swift; sourceTree = "<group>"; };
		99B9E2972061811C00E1517F /* BeerCatalogScreen.swift */ = {isa = PBXFileReference; lastKnownFileType = sourcecode.swift; path = BeerCatalogScreen.swift; sourceTree = "<group>"; };
/* End PBXFileReference section */

/* Begin PBXFrameworksBuildPhase section */
		0A15A9442061EA740055A5DD /* Frameworks */ = {
			isa = PBXFrameworksBuildPhase;
			buildActionMask = 2147483647;
			files = (
				0A15A9702061EBAB0055A5DD /* NetworkFramework.framework in Frameworks */,
				0A15A9682061EAF00055A5DD /* SnapKit.framework in Frameworks */,
				0A15A9662061EADD0055A5DD /* ModelsFramework.framework in Frameworks */,
				0A15A9672061EADD0055A5DD /* UIFramework.framework in Frameworks */,
			);
			runOnlyForDeploymentPostprocessing = 0;
		};
		0A15A94D2061EA750055A5DD /* Frameworks */ = {
			isa = PBXFrameworksBuildPhase;
			buildActionMask = 2147483647;
			files = (
				0A3621262061F28600EE4DB8 /* FBSnapshotTestCase.framework in Frameworks */,
				0A3621272061F28600EE4DB8 /* Nimble_Snapshots.framework in Frameworks */,
				0A3621282061F28600EE4DB8 /* Nimble.framework in Frameworks */,
				0A3621292061F28600EE4DB8 /* Quick.framework in Frameworks */,
				0A15A9512061EA750055A5DD /* BeerCatalog.framework in Frameworks */,
			);
			runOnlyForDeploymentPostprocessing = 0;
		};
		0A5B6981205D5CBB0029AEE8 /* Frameworks */ = {
			isa = PBXFrameworksBuildPhase;
			buildActionMask = 2147483647;
			files = (
				0AB66FA6205E95A4003B4EA6 /* NetworkFramework.framework in Frameworks */,
				0AB66FC8205E95D6003B4EA6 /* ModelsFramework.framework in Frameworks */,
				0A3621222061F10E00EE4DB8 /* BeerCatalog.framework in Frameworks */,
				0AB7DF3F205D5E38003939AC /* UIFramework.framework in Frameworks */,
			);
			runOnlyForDeploymentPostprocessing = 0;
		};
		0A5B6995205D5CBB0029AEE8 /* Frameworks */ = {
			isa = PBXFrameworksBuildPhase;
			buildActionMask = 2147483647;
			files = (
				0AF9DC0C205D7B74004D9E9F /* Nimble.framework in Frameworks */,
				0AF9DC0D205D7B74004D9E9F /* Quick.framework in Frameworks */,
			);
			runOnlyForDeploymentPostprocessing = 0;
		};
		0AB66F8D205E95A4003B4EA6 /* Frameworks */ = {
			isa = PBXFrameworksBuildPhase;
			buildActionMask = 2147483647;
			files = (
			);
			runOnlyForDeploymentPostprocessing = 0;
		};
		0AB66F96205E95A4003B4EA6 /* Frameworks */ = {
			isa = PBXFrameworksBuildPhase;
			buildActionMask = 2147483647;
			files = (
				0AB66F9A205E95A4003B4EA6 /* NetworkFramework.framework in Frameworks */,
			);
			runOnlyForDeploymentPostprocessing = 0;
		};
		0AB66FAF205E95D5003B4EA6 /* Frameworks */ = {
			isa = PBXFrameworksBuildPhase;
			buildActionMask = 2147483647;
			files = (
			);
			runOnlyForDeploymentPostprocessing = 0;
		};
		0AB66FB8205E95D6003B4EA6 /* Frameworks */ = {
			isa = PBXFrameworksBuildPhase;
			buildActionMask = 2147483647;
			files = (
				0AB66FD2205E9631003B4EA6 /* Nimble.framework in Frameworks */,
				0AB66FD3205E9631003B4EA6 /* Quick.framework in Frameworks */,
				0AB66FBC205E95D6003B4EA6 /* ModelsFramework.framework in Frameworks */,
			);
			runOnlyForDeploymentPostprocessing = 0;
		};
		0AB7DF34205D5E38003939AC /* Frameworks */ = {
			isa = PBXFrameworksBuildPhase;
			buildActionMask = 2147483647;
			files = (
				99B9E2A02061850100E1517F /* ModelsFramework.framework in Frameworks */,
				0ADE6A34205D6B1200093FEA /* SnapKit.framework in Frameworks */,
			);
			runOnlyForDeploymentPostprocessing = 0;
		};
		0AF9DC1F205D7EFA004D9E9F /* Frameworks */ = {
			isa = PBXFrameworksBuildPhase;
			buildActionMask = 2147483647;
			files = (
				0AF9DC2D205D7F34004D9E9F /* FBSnapshotTestCase.framework in Frameworks */,
				0AF9DC2E205D7F34004D9E9F /* Nimble_Snapshots.framework in Frameworks */,
				0AF9DC2F205D7F34004D9E9F /* Nimble.framework in Frameworks */,
				0AF9DC30205D7F34004D9E9F /* Quick.framework in Frameworks */,
				0AF9DC27205D7EFA004D9E9F /* UIFramework.framework in Frameworks */,
			);
			runOnlyForDeploymentPostprocessing = 0;
		};
/* End PBXFrameworksBuildPhase section */

/* Begin PBXGroup section */
		0A15A9402061E6030055A5DD /* Builder */ = {
			isa = PBXGroup;
			children = (
				0A15A9412061E62A0055A5DD /* BeerCatalogPresenterBuilder.swift */,
			);
			path = Builder;
			sourceTree = "<group>";
		};
		0A15A9492061EA740055A5DD /* BeerCatalog */ = {
			isa = PBXGroup;
			children = (
				99B9E2922061806600E1517F /* Views */,
				99B9E2912061806000E1517F /* Datasources */,
				99B9E2902061805900E1517F /* Cells */,
				0A15A9402061E6030055A5DD /* Builder */,
				9937100620618C2B0068815C /* Presenter */,
				99B9E28E2061803100E1517F /* Controller */,
				99B9E28F2061803C00E1517F /* Service */,
				99B9E28C2061800B00E1517F /* Coordinators */,
				0A15A94A2061EA740055A5DD /* BeerCatalog.h */,
				0A7746432061EFC900C7E84E /* Info.plist */,
			);
			path = BeerCatalog;
			sourceTree = "<group>";
		};
		0A15A9562061EA750055A5DD /* BeerCatalogTests */ = {
			isa = PBXGroup;
			children = (
				0A7746412061EFA900C7E84E /* Info.plist */,
				0A15A9572061EA750055A5DD /* BeerCatalogTests.swift */,
			);
			path = BeerCatalogTests;
			sourceTree = "<group>";
		};
		0A3621252061F20C00EE4DB8 /* Features */ = {
			isa = PBXGroup;
			children = (
				0A15A9492061EA740055A5DD /* BeerCatalog */,
				0A15A9562061EA750055A5DD /* BeerCatalogTests */,
			);
			name = Features;
			sourceTree = "<group>";
		};
		0A3621342061F2F000EE4DB8 /* Infrastructure */ = {
			isa = PBXGroup;
			children = (
				0AB7DF39205D5E38003939AC /* UIFramework */,
				0AF9DC23205D7EFA004D9E9F /* UIFrameworkTests */,
				0AB66F92205E95A4003B4EA6 /* NetworkFramework */,
				0AB66F9F205E95A4003B4EA6 /* NetworkFrameworkTests */,
				0AB66FB4205E95D5003B4EA6 /* ModelsFramework */,
				0AB66FC1205E95D6003B4EA6 /* ModelsFrameworkTests */,
			);
			name = Infrastructure;
			sourceTree = "<group>";
		};
		0A5B697B205D5CBB0029AEE8 = {
			isa = PBXGroup;
			children = (
				0A5B6986205D5CBB0029AEE8 /* BeersApp */,
				0A5B699B205D5CBB0029AEE8 /* BeersAppTests */,
				0A3621252061F20C00EE4DB8 /* Features */,
				0A3621342061F2F000EE4DB8 /* Infrastructure */,
				0AF9DC3B205D814D004D9E9F /* Playgrounds */,
				0A5B6985205D5CBB0029AEE8 /* Products */,
				0ADE6A33205D66E900093FEA /* DSYMS */,
				0ADE6A2D205D665900093FEA /* Frameworks */,
			);
			sourceTree = "<group>";
		};
		0A5B6985205D5CBB0029AEE8 /* Products */ = {
			isa = PBXGroup;
			children = (
				0A5B6984205D5CBB0029AEE8 /* BeersApp.app */,
				0A5B6998205D5CBB0029AEE8 /* BeersAppTests.xctest */,
				0AB7DF38205D5E38003939AC /* UIFramework.framework */,
				0AF9DC22205D7EFA004D9E9F /* UIFrameworkTests.xctest */,
				0AB66F91205E95A4003B4EA6 /* NetworkFramework.framework */,
				0AB66F99205E95A4003B4EA6 /* NetworkFrameworkTests.xctest */,
				0AB66FB3205E95D5003B4EA6 /* ModelsFramework.framework */,
				0AB66FBB205E95D6003B4EA6 /* ModelsFrameworkTests.xctest */,
				0A15A9482061EA740055A5DD /* BeerCatalog.framework */,
				0A15A9502061EA750055A5DD /* BeerCatalogTests.xctest */,
			);
			name = Products;
			sourceTree = "<group>";
		};
		0A5B6986205D5CBB0029AEE8 /* BeersApp */ = {
			isa = PBXGroup;
			children = (
				99B9E28D2061801E00E1517F /* Common */,
				0A5B6987205D5CBB0029AEE8 /* AppDelegate.swift */,
				0A5B698E205D5CBB0029AEE8 /* Assets.xcassets */,
				0A5B6990205D5CBB0029AEE8 /* LaunchScreen.storyboard */,
				0A5B6993205D5CBB0029AEE8 /* Info.plist */,
			);
			path = BeersApp;
			sourceTree = "<group>";
		};
		0A5B699B205D5CBB0029AEE8 /* BeersAppTests */ = {
			isa = PBXGroup;
			children = (
				0A5B699E205D5CBB0029AEE8 /* Info.plist */,
			);
			path = BeersAppTests;
			sourceTree = "<group>";
		};
		0AB66F92205E95A4003B4EA6 /* NetworkFramework */ = {
			isa = PBXGroup;
			children = (
				0AB66F93205E95A4003B4EA6 /* NetworkFramework.h */,
				0AB66F94205E95A4003B4EA6 /* Info.plist */,
				0A7144E7205EE82E00641372 /* NetworkClient.swift */,
				0A7144E9205EE84500641372 /* Result.swift */,
				0A7144EB205EE87500641372 /* NetworkErrors.swift */,
				0A7144ED205EE8A500641372 /* Endpoint.swift */,
				0A7144F1205EF45700641372 /* TaskHandler.swift */,
			);
			path = NetworkFramework;
			sourceTree = "<group>";
		};
		0AB66F9F205E95A4003B4EA6 /* NetworkFrameworkTests */ = {
			isa = PBXGroup;
			children = (
				0AB66FA0205E95A4003B4EA6 /* NetworkFrameworkTests.swift */,
				0AB66FA2205E95A4003B4EA6 /* Info.plist */,
			);
			path = NetworkFrameworkTests;
			sourceTree = "<group>";
		};
		0AB66FB4205E95D5003B4EA6 /* ModelsFramework */ = {
			isa = PBXGroup;
			children = (
				0AB66FB5205E95D5003B4EA6 /* ModelsFramework.h */,
				0AB66FB6205E95D5003B4EA6 /* Info.plist */,
				0AB66FDF205E9A10003B4EA6 /* Beer.swift */,
			);
			path = ModelsFramework;
			sourceTree = "<group>";
		};
		0AB66FC1205E95D6003B4EA6 /* ModelsFrameworkTests */ = {
			isa = PBXGroup;
			children = (
				0AB66FDC205E97E6003B4EA6 /* Helpers */,
				0AB66FD9205E9758003B4EA6 /* Jsons */,
				0AB66FC2205E95D6003B4EA6 /* BeerSpec.swift */,
				0AB66FC4205E95D6003B4EA6 /* Info.plist */,
			);
			path = ModelsFrameworkTests;
			sourceTree = "<group>";
		};
		0AB66FD9205E9758003B4EA6 /* Jsons */ = {
			isa = PBXGroup;
			children = (
				0AB66FDA205E976C003B4EA6 /* beers.json */,
			);
			path = Jsons;
			sourceTree = "<group>";
		};
		0AB66FDC205E97E6003B4EA6 /* Helpers */ = {
			isa = PBXGroup;
			children = (
				0AB66FDD205E97FE003B4EA6 /* JsonLoader.swift */,
				0A9B05F1205EF660004B4288 /* JsonDecoder+FatalError.swift */,
			);
			path = Helpers;
			sourceTree = "<group>";
		};
		0AB7DF39205D5E38003939AC /* UIFramework */ = {
			isa = PBXGroup;
			children = (
				0A9B05F5205F09C1004B4288 /* Coordinator.swift */,
				0AF9DC02205D7A9C004D9E9F /* CodeView.swift */,
				0A9B060D205F3334004B4288 /* Reusable.swift */,
				0A9B060F205F338E004B4288 /* UITableView+Reusable.swift */,
				0AB7DF3A205D5E38003939AC /* UIFramework.h */,
				0AB7DF3B205D5E38003939AC /* Info.plist */,
			);
			path = UIFramework;
			sourceTree = "<group>";
		};
		0ADE6A2D205D665900093FEA /* Frameworks */ = {
			isa = PBXGroup;
			children = (
				0AF9DC06205D7B74004D9E9F /* FBSnapshotTestCase.framework */,
				0AF9DC07205D7B74004D9E9F /* Nimble_Snapshots.framework */,
				0AF9DC08205D7B74004D9E9F /* Nimble.framework */,
				0AF9DC09205D7B74004D9E9F /* Quick.framework */,
				0ADE6A2E205D665900093FEA /* SnapKit.framework */,
			);
			name = Frameworks;
			sourceTree = "<group>";
		};
		0ADE6A33205D66E900093FEA /* DSYMS */ = {
			isa = PBXGroup;
			children = (
				0AF9DC11205D7B9F004D9E9F /* FBSnapshotTestCase.framework.dSYM */,
				0AF9DC10205D7B9F004D9E9F /* Nimble_Snapshots.framework.dSYM */,
				0AF9DC12205D7B9F004D9E9F /* Nimble.framework.dSYM */,
				0AF9DC0F205D7B9F004D9E9F /* Quick.framework.dSYM */,
				0ADE6A31205D66E200093FEA /* SnapKit.framework.dSYM */,
			);
			path = DSYMS;
			sourceTree = "<group>";
		};
		0AF9DC23205D7EFA004D9E9F /* UIFrameworkTests */ = {
			isa = PBXGroup;
			children = (
				0AF9DC24205D7EFA004D9E9F /* UIFrameworkSpec.swift */,
				0AF9DC26205D7EFA004D9E9F /* Info.plist */,
			);
			path = UIFrameworkTests;
			sourceTree = "<group>";
		};
		0AF9DC3B205D814D004D9E9F /* Playgrounds */ = {
			isa = PBXGroup;
			children = (
				99371005206188E00068815C /* Project.playground */,
			);
			path = Playgrounds;
			sourceTree = "<group>";
		};
		9937100620618C2B0068815C /* Presenter */ = {
			isa = PBXGroup;
			children = (
				9937100720618C3A0068815C /* BeerCatalogPresenter.swift */,
			);
			path = Presenter;
			sourceTree = "<group>";
		};
		99B9E28C2061800B00E1517F /* Coordinators */ = {
			isa = PBXGroup;
			children = (
				0A9B05F7205F0A1D004B4288 /* BeerCatalogCoordinator.swift */,
			);
			path = Coordinators;
			sourceTree = "<group>";
		};
		99B9E28D2061801E00E1517F /* Common */ = {
			isa = PBXGroup;
			children = (
				0A9B05F9205F0A93004B4288 /* ApplicationCoordinator.swift */,
			);
			path = Common;
			sourceTree = "<group>";
		};
		99B9E28E2061803100E1517F /* Controller */ = {
			isa = PBXGroup;
			children = (
				0A9B05FB205F0D4A004B4288 /* BeerCatalogController.swift */,
			);
			path = Controller;
			sourceTree = "<group>";
		};
		99B9E28F2061803C00E1517F /* Service */ = {
			isa = PBXGroup;
			children = (
				0A9B0603205F22EC004B4288 /* BeerService.swift */,
			);
			path = Service;
			sourceTree = "<group>";
		};
		99B9E2902061805900E1517F /* Cells */ = {
			isa = PBXGroup;
			children = (
				99B9E2932061807500E1517F /* BeerTableViewCell.swift */,
			);
			path = Cells;
			sourceTree = "<group>";
		};
		99B9E2912061806000E1517F /* Datasources */ = {
			isa = PBXGroup;
			children = (
				99B9E295206180CC00E1517F /* BeerTableViewDatasource.swift */,
			);
			path = Datasources;
			sourceTree = "<group>";
		};
		99B9E2922061806600E1517F /* Views */ = {
			isa = PBXGroup;
			children = (
				99B9E2972061811C00E1517F /* BeerCatalogScreen.swift */,
			);
			path = Views;
			sourceTree = "<group>";
		};
/* End PBXGroup section */

/* Begin PBXHeadersBuildPhase section */
		0A15A9452061EA740055A5DD /* Headers */ = {
			isa = PBXHeadersBuildPhase;
			buildActionMask = 2147483647;
			files = (
				0A15A95A2061EA750055A5DD /* BeerCatalog.h in Headers */,
			);
			runOnlyForDeploymentPostprocessing = 0;
		};
		0AB66F8E205E95A4003B4EA6 /* Headers */ = {
			isa = PBXHeadersBuildPhase;
			buildActionMask = 2147483647;
			files = (
				0AB66FA3205E95A4003B4EA6 /* NetworkFramework.h in Headers */,
			);
			runOnlyForDeploymentPostprocessing = 0;
		};
		0AB66FB0205E95D5003B4EA6 /* Headers */ = {
			isa = PBXHeadersBuildPhase;
			buildActionMask = 2147483647;
			files = (
				0AB66FC5205E95D6003B4EA6 /* ModelsFramework.h in Headers */,
			);
			runOnlyForDeploymentPostprocessing = 0;
		};
		0AB7DF35205D5E38003939AC /* Headers */ = {
			isa = PBXHeadersBuildPhase;
			buildActionMask = 2147483647;
			files = (
				0AB7DF3C205D5E38003939AC /* UIFramework.h in Headers */,
			);
			runOnlyForDeploymentPostprocessing = 0;
		};
/* End PBXHeadersBuildPhase section */

/* Begin PBXNativeTarget section */
		0A15A9472061EA740055A5DD /* BeerCatalog */ = {
			isa = PBXNativeTarget;
			buildConfigurationList = 0A15A95F2061EA750055A5DD /* Build configuration list for PBXNativeTarget "BeerCatalog" */;
			buildPhases = (
				0A15A9432061EA740055A5DD /* Sources */,
				0A15A9442061EA740055A5DD /* Frameworks */,
				0A15A9452061EA740055A5DD /* Headers */,
				0A15A9462061EA740055A5DD /* Resources */,
				0A15A9692061EB0C0055A5DD /* CopyFiles */,
				0A15A96A2061EB0D0055A5DD /* CopyFiles */,
			);
			buildRules = (
			);
			dependencies = (
			);
			name = BeerCatalog;
			productName = BeerCatalog;
			productReference = 0A15A9482061EA740055A5DD /* BeerCatalog.framework */;
			productType = "com.apple.product-type.framework";
		};
		0A15A94F2061EA750055A5DD /* BeerCatalogTests */ = {
			isa = PBXNativeTarget;
			buildConfigurationList = 0A15A9622061EA750055A5DD /* Build configuration list for PBXNativeTarget "BeerCatalogTests" */;
			buildPhases = (
				0A15A94C2061EA750055A5DD /* Sources */,
				0A15A94D2061EA750055A5DD /* Frameworks */,
				0A15A94E2061EA750055A5DD /* Resources */,
				0A36212A2061F29400EE4DB8 /* CopyFiles */,
				0A36212B2061F29600EE4DB8 /* CopyFiles */,
			);
			buildRules = (
			);
			dependencies = (
				0A15A9532061EA750055A5DD /* PBXTargetDependency */,
				0A15A9552061EA750055A5DD /* PBXTargetDependency */,
			);
			name = BeerCatalogTests;
			productName = BeerCatalogTests;
			productReference = 0A15A9502061EA750055A5DD /* BeerCatalogTests.xctest */;
			productType = "com.apple.product-type.bundle.unit-test";
		};
		0A5B6983205D5CBB0029AEE8 /* BeersApp */ = {
			isa = PBXNativeTarget;
			buildConfigurationList = 0A5B69A1205D5CBB0029AEE8 /* Build configuration list for PBXNativeTarget "BeersApp" */;
			buildPhases = (
				0A5B6980205D5CBB0029AEE8 /* Sources */,
				0A5B6981205D5CBB0029AEE8 /* Frameworks */,
				0A5B6982205D5CBB0029AEE8 /* Resources */,
				0AB7DF44205D5E38003939AC /* Embed Frameworks */,
			);
			buildRules = (
			);
			dependencies = (
				0AB7DF3E205D5E38003939AC /* PBXTargetDependency */,
				0AB66FA5205E95A4003B4EA6 /* PBXTargetDependency */,
				0AB66FC7205E95D6003B4EA6 /* PBXTargetDependency */,
				0A15A95C2061EA750055A5DD /* PBXTargetDependency */,
			);
			name = BeersApp;
			productName = BeersApp;
			productReference = 0A5B6984205D5CBB0029AEE8 /* BeersApp.app */;
			productType = "com.apple.product-type.application";
		};
		0A5B6997205D5CBB0029AEE8 /* BeersAppTests */ = {
			isa = PBXNativeTarget;
			buildConfigurationList = 0A5B69A4205D5CBB0029AEE8 /* Build configuration list for PBXNativeTarget "BeersAppTests" */;
			buildPhases = (
				0A5B6994205D5CBB0029AEE8 /* Sources */,
				0A5B6995205D5CBB0029AEE8 /* Frameworks */,
				0A5B6996205D5CBB0029AEE8 /* Resources */,
				0AF9DC19205D7E11004D9E9F /* Copy Frameworks */,
				0AF9DC0E205D7B7B004D9E9F /* Copy Frameworks dSYMS */,
			);
			buildRules = (
			);
			dependencies = (
				0A5B699A205D5CBB0029AEE8 /* PBXTargetDependency */,
			);
			name = BeersAppTests;
			productName = BeersAppTests;
			productReference = 0A5B6998205D5CBB0029AEE8 /* BeersAppTests.xctest */;
			productType = "com.apple.product-type.bundle.unit-test";
		};
		0AB66F90205E95A4003B4EA6 /* NetworkFramework */ = {
			isa = PBXNativeTarget;
			buildConfigurationList = 0AB66FAC205E95A4003B4EA6 /* Build configuration list for PBXNativeTarget "NetworkFramework" */;
			buildPhases = (
				0AB66F8C205E95A4003B4EA6 /* Sources */,
				0AB66F8D205E95A4003B4EA6 /* Frameworks */,
				0AB66F8E205E95A4003B4EA6 /* Headers */,
				0AB66F8F205E95A4003B4EA6 /* Resources */,
			);
			buildRules = (
			);
			dependencies = (
			);
			name = NetworkFramework;
			productName = NetworkFramework;
			productReference = 0AB66F91205E95A4003B4EA6 /* NetworkFramework.framework */;
			productType = "com.apple.product-type.framework";
		};
		0AB66F98205E95A4003B4EA6 /* NetworkFrameworkTests */ = {
			isa = PBXNativeTarget;
			buildConfigurationList = 0AB66FAD205E95A4003B4EA6 /* Build configuration list for PBXNativeTarget "NetworkFrameworkTests" */;
			buildPhases = (
				0AB66F95205E95A4003B4EA6 /* Sources */,
				0AB66F96205E95A4003B4EA6 /* Frameworks */,
				0AB66F97205E95A4003B4EA6 /* Resources */,
			);
			buildRules = (
			);
			dependencies = (
				0AB66F9C205E95A4003B4EA6 /* PBXTargetDependency */,
				0AB66F9E205E95A4003B4EA6 /* PBXTargetDependency */,
			);
			name = NetworkFrameworkTests;
			productName = NetworkFrameworkTests;
			productReference = 0AB66F99205E95A4003B4EA6 /* NetworkFrameworkTests.xctest */;
			productType = "com.apple.product-type.bundle.unit-test";
		};
		0AB66FB2205E95D5003B4EA6 /* ModelsFramework */ = {
			isa = PBXNativeTarget;
			buildConfigurationList = 0AB66FCA205E95D6003B4EA6 /* Build configuration list for PBXNativeTarget "ModelsFramework" */;
			buildPhases = (
				0AB66FAE205E95D5003B4EA6 /* Sources */,
				0AB66FAF205E95D5003B4EA6 /* Frameworks */,
				0AB66FB0205E95D5003B4EA6 /* Headers */,
				0AB66FB1205E95D5003B4EA6 /* Resources */,
			);
			buildRules = (
			);
			dependencies = (
			);
			name = ModelsFramework;
			productName = ModelsFramework;
			productReference = 0AB66FB3205E95D5003B4EA6 /* ModelsFramework.framework */;
			productType = "com.apple.product-type.framework";
		};
		0AB66FBA205E95D6003B4EA6 /* ModelsFrameworkTests */ = {
			isa = PBXNativeTarget;
			buildConfigurationList = 0AB66FCD205E95D6003B4EA6 /* Build configuration list for PBXNativeTarget "ModelsFrameworkTests" */;
			buildPhases = (
				0AB66FB7205E95D6003B4EA6 /* Sources */,
				0AB66FB8205E95D6003B4EA6 /* Frameworks */,
				0AB66FB9205E95D6003B4EA6 /* Resources */,
				0AB66FD0205E960C003B4EA6 /* Copy Frameworks */,
				0AB66FD1205E960E003B4EA6 /* Copy Frameworks dSYMs */,
			);
			buildRules = (
			);
			dependencies = (
				0AB66FBE205E95D6003B4EA6 /* PBXTargetDependency */,
				0AB66FC0205E95D6003B4EA6 /* PBXTargetDependency */,
			);
			name = ModelsFrameworkTests;
			productName = ModelsFrameworkTests;
			productReference = 0AB66FBB205E95D6003B4EA6 /* ModelsFrameworkTests.xctest */;
			productType = "com.apple.product-type.bundle.unit-test";
		};
		0AB7DF37205D5E38003939AC /* UIFramework */ = {
			isa = PBXNativeTarget;
			buildConfigurationList = 0AB7DF43205D5E38003939AC /* Build configuration list for PBXNativeTarget "UIFramework" */;
			buildPhases = (
				0AB7DF33205D5E38003939AC /* Sources */,
				0AB7DF34205D5E38003939AC /* Frameworks */,
				0AB7DF35205D5E38003939AC /* Headers */,
				0AB7DF36205D5E38003939AC /* Resources */,
				0AF9DC00205D6E15004D9E9F /* CopyFiles */,
				0ADE6A30205D668400093FEA /* Copy Carthage DSYMS */,
			);
			buildRules = (
			);
			dependencies = (
			);
			name = UIFramework;
			productName = UIFramework;
			productReference = 0AB7DF38205D5E38003939AC /* UIFramework.framework */;
			productType = "com.apple.product-type.framework";
		};
		0AF9DC21205D7EFA004D9E9F /* UIFrameworkTests */ = {
			isa = PBXNativeTarget;
			buildConfigurationList = 0AF9DC2A205D7EFA004D9E9F /* Build configuration list for PBXNativeTarget "UIFrameworkTests" */;
			buildPhases = (
				0AF9DC1E205D7EFA004D9E9F /* Sources */,
				0AF9DC1F205D7EFA004D9E9F /* Frameworks */,
				0AF9DC20205D7EFA004D9E9F /* Resources */,
				0AF9DC36205D7F4C004D9E9F /* Copy Frameworks */,
				0AF9DC31205D7F3E004D9E9F /* Copy Frameworks dSYMs */,
			);
			buildRules = (
			);
			dependencies = (
				0AF9DC29205D7EFA004D9E9F /* PBXTargetDependency */,
			);
			name = UIFrameworkTests;
			productName = UIFrameworkTests;
			productReference = 0AF9DC22205D7EFA004D9E9F /* UIFrameworkTests.xctest */;
			productType = "com.apple.product-type.bundle.unit-test";
		};
/* End PBXNativeTarget section */

/* Begin PBXProject section */
		0A5B697C205D5CBB0029AEE8 /* Project object */ = {
			isa = PBXProject;
			attributes = {
				LastSwiftUpdateCheck = 0920;
				LastUpgradeCheck = 0920;
				ORGANIZATIONNAME = "Thiago Lioy";
				TargetAttributes = {
					0A15A9472061EA740055A5DD = {
						CreatedOnToolsVersion = 9.2;
						ProvisioningStyle = Automatic;
					};
					0A15A94F2061EA750055A5DD = {
						CreatedOnToolsVersion = 9.2;
						ProvisioningStyle = Automatic;
						TestTargetID = 0A5B6983205D5CBB0029AEE8;
					};
					0A5B6983205D5CBB0029AEE8 = {
						CreatedOnToolsVersion = 9.2;
						ProvisioningStyle = Automatic;
					};
					0A5B6997205D5CBB0029AEE8 = {
						CreatedOnToolsVersion = 9.2;
						ProvisioningStyle = Automatic;
						TestTargetID = 0A5B6983205D5CBB0029AEE8;
					};
					0AB66F90205E95A4003B4EA6 = {
						CreatedOnToolsVersion = 9.2;
						LastSwiftMigration = 0920;
						ProvisioningStyle = Automatic;
					};
					0AB66F98205E95A4003B4EA6 = {
						CreatedOnToolsVersion = 9.2;
						ProvisioningStyle = Automatic;
						TestTargetID = 0A5B6983205D5CBB0029AEE8;
					};
					0AB66FB2205E95D5003B4EA6 = {
						CreatedOnToolsVersion = 9.2;
						LastSwiftMigration = 0920;
						ProvisioningStyle = Automatic;
					};
					0AB66FBA205E95D6003B4EA6 = {
						CreatedOnToolsVersion = 9.2;
						ProvisioningStyle = Automatic;
						TestTargetID = 0A5B6983205D5CBB0029AEE8;
					};
					0AB7DF37205D5E38003939AC = {
						CreatedOnToolsVersion = 9.2;
						LastSwiftMigration = 0920;
						ProvisioningStyle = Automatic;
					};
					0AF9DC21205D7EFA004D9E9F = {
						CreatedOnToolsVersion = 9.2;
						ProvisioningStyle = Automatic;
					};
				};
			};
			buildConfigurationList = 0A5B697F205D5CBB0029AEE8 /* Build configuration list for PBXProject "BeersApp" */;
			compatibilityVersion = "Xcode 8.0";
			developmentRegion = en;
			hasScannedForEncodings = 0;
			knownRegions = (
				en,
				Base,
			);
			mainGroup = 0A5B697B205D5CBB0029AEE8;
			productRefGroup = 0A5B6985205D5CBB0029AEE8 /* Products */;
			projectDirPath = "";
			projectRoot = "";
			targets = (
				0A5B6983205D5CBB0029AEE8 /* BeersApp */,
				0A5B6997205D5CBB0029AEE8 /* BeersAppTests */,
				0AB7DF37205D5E38003939AC /* UIFramework */,
				0AF9DC21205D7EFA004D9E9F /* UIFrameworkTests */,
				0AB66F90205E95A4003B4EA6 /* NetworkFramework */,
				0AB66F98205E95A4003B4EA6 /* NetworkFrameworkTests */,
				0AB66FB2205E95D5003B4EA6 /* ModelsFramework */,
				0AB66FBA205E95D6003B4EA6 /* ModelsFrameworkTests */,
				0A15A9472061EA740055A5DD /* BeerCatalog */,
				0A15A94F2061EA750055A5DD /* BeerCatalogTests */,
			);
		};
/* End PBXProject section */

/* Begin PBXResourcesBuildPhase section */
		0A15A9462061EA740055A5DD /* Resources */ = {
			isa = PBXResourcesBuildPhase;
			buildActionMask = 2147483647;
			files = (
			);
			runOnlyForDeploymentPostprocessing = 0;
		};
		0A15A94E2061EA750055A5DD /* Resources */ = {
			isa = PBXResourcesBuildPhase;
			buildActionMask = 2147483647;
			files = (
			);
			runOnlyForDeploymentPostprocessing = 0;
		};
		0A5B6982205D5CBB0029AEE8 /* Resources */ = {
			isa = PBXResourcesBuildPhase;
			buildActionMask = 2147483647;
			files = (
				0A5B6992205D5CBB0029AEE8 /* LaunchScreen.storyboard in Resources */,
				0A5B698F205D5CBB0029AEE8 /* Assets.xcassets in Resources */,
			);
			runOnlyForDeploymentPostprocessing = 0;
		};
		0A5B6996205D5CBB0029AEE8 /* Resources */ = {
			isa = PBXResourcesBuildPhase;
			buildActionMask = 2147483647;
			files = (
			);
			runOnlyForDeploymentPostprocessing = 0;
		};
		0AB66F8F205E95A4003B4EA6 /* Resources */ = {
			isa = PBXResourcesBuildPhase;
			buildActionMask = 2147483647;
			files = (
			);
			runOnlyForDeploymentPostprocessing = 0;
		};
		0AB66F97205E95A4003B4EA6 /* Resources */ = {
			isa = PBXResourcesBuildPhase;
			buildActionMask = 2147483647;
			files = (
			);
			runOnlyForDeploymentPostprocessing = 0;
		};
		0AB66FB1205E95D5003B4EA6 /* Resources */ = {
			isa = PBXResourcesBuildPhase;
			buildActionMask = 2147483647;
			files = (
			);
			runOnlyForDeploymentPostprocessing = 0;
		};
		0AB66FB9205E95D6003B4EA6 /* Resources */ = {
			isa = PBXResourcesBuildPhase;
			buildActionMask = 2147483647;
			files = (
				0AB66FDB205E976C003B4EA6 /* beers.json in Resources */,
			);
			runOnlyForDeploymentPostprocessing = 0;
		};
		0AB7DF36205D5E38003939AC /* Resources */ = {
			isa = PBXResourcesBuildPhase;
			buildActionMask = 2147483647;
			files = (
			);
			runOnlyForDeploymentPostprocessing = 0;
		};
		0AF9DC20205D7EFA004D9E9F /* Resources */ = {
			isa = PBXResourcesBuildPhase;
			buildActionMask = 2147483647;
			files = (
			);
			runOnlyForDeploymentPostprocessing = 0;
		};
/* End PBXResourcesBuildPhase section */

/* Begin PBXSourcesBuildPhase section */
		0A15A9432061EA740055A5DD /* Sources */ = {
			isa = PBXSourcesBuildPhase;
			buildActionMask = 2147483647;
			files = (
				0A15A9752061EC4B0055A5DD /* BeerCatalogController.swift in Sources */,
				0A77463E2061EE5000C7E84E /* BeerTableViewCell.swift in Sources */,
				0A77463F2061EE5500C7E84E /* BeerTableViewDatasource.swift in Sources */,
				0A7746402061EE5A00C7E84E /* BeerCatalogScreen.swift in Sources */,
				0A15A9742061EC420055A5DD /* BeerCatalogPresenter.swift in Sources */,
				0A15A9732061EC3F0055A5DD /* BeerCatalogPresenterBuilder.swift in Sources */,
				0A15A9772061EC550055A5DD /* BeerCatalogCoordinator.swift in Sources */,
				0A15A9762061EC500055A5DD /* BeerService.swift in Sources */,
			);
			runOnlyForDeploymentPostprocessing = 0;
		};
		0A15A94C2061EA750055A5DD /* Sources */ = {
			isa = PBXSourcesBuildPhase;
			buildActionMask = 2147483647;
			files = (
				0A15A9582061EA750055A5DD /* BeerCatalogTests.swift in Sources */,
			);
			runOnlyForDeploymentPostprocessing = 0;
		};
		0A5B6980205D5CBB0029AEE8 /* Sources */ = {
			isa = PBXSourcesBuildPhase;
			buildActionMask = 2147483647;
			files = (
				0A5B6988205D5CBB0029AEE8 /* AppDelegate.swift in Sources */,
				0A9B05FA205F0A93004B4288 /* ApplicationCoordinator.swift in Sources */,
			);
			runOnlyForDeploymentPostprocessing = 0;
		};
		0A5B6994205D5CBB0029AEE8 /* Sources */ = {
			isa = PBXSourcesBuildPhase;
			buildActionMask = 2147483647;
			files = (
			);
			runOnlyForDeploymentPostprocessing = 0;
		};
		0AB66F8C205E95A4003B4EA6 /* Sources */ = {
			isa = PBXSourcesBuildPhase;
			buildActionMask = 2147483647;
			files = (
				0A7144EA205EE84500641372 /* Result.swift in Sources */,
				0A7144F2205EF45700641372 /* TaskHandler.swift in Sources */,
				0A7144E8205EE82E00641372 /* NetworkClient.swift in Sources */,
				0A7144EE205EE8A500641372 /* Endpoint.swift in Sources */,
				0A7144EC205EE87500641372 /* NetworkErrors.swift in Sources */,
			);
			runOnlyForDeploymentPostprocessing = 0;
		};
		0AB66F95205E95A4003B4EA6 /* Sources */ = {
			isa = PBXSourcesBuildPhase;
			buildActionMask = 2147483647;
			files = (
				0AB66FA1205E95A4003B4EA6 /* NetworkFrameworkTests.swift in Sources */,
			);
			runOnlyForDeploymentPostprocessing = 0;
		};
		0AB66FAE205E95D5003B4EA6 /* Sources */ = {
			isa = PBXSourcesBuildPhase;
			buildActionMask = 2147483647;
			files = (
				0AB66FE0205E9A10003B4EA6 /* Beer.swift in Sources */,
			);
			runOnlyForDeploymentPostprocessing = 0;
		};
		0AB66FB7205E95D6003B4EA6 /* Sources */ = {
			isa = PBXSourcesBuildPhase;
			buildActionMask = 2147483647;
			files = (
				0A9B05F2205EF660004B4288 /* JsonDecoder+FatalError.swift in Sources */,
				0AB66FDE205E97FE003B4EA6 /* JsonLoader.swift in Sources */,
				0AB66FC3205E95D6003B4EA6 /* BeerSpec.swift in Sources */,
			);
			runOnlyForDeploymentPostprocessing = 0;
		};
		0AB7DF33205D5E38003939AC /* Sources */ = {
			isa = PBXSourcesBuildPhase;
			buildActionMask = 2147483647;
			files = (
				0A9B060E205F3334004B4288 /* Reusable.swift in Sources */,
				0AF9DC03205D7A9C004D9E9F /* CodeView.swift in Sources */,
				0A9B0610205F338E004B4288 /* UITableView+Reusable.swift in Sources */,
				0A15A9782061ECB60055A5DD /* Coordinator.swift in Sources */,
			);
			runOnlyForDeploymentPostprocessing = 0;
		};
		0AF9DC1E205D7EFA004D9E9F /* Sources */ = {
			isa = PBXSourcesBuildPhase;
			buildActionMask = 2147483647;
			files = (
				0AF9DC25205D7EFA004D9E9F /* UIFrameworkSpec.swift in Sources */,
			);
			runOnlyForDeploymentPostprocessing = 0;
		};
/* End PBXSourcesBuildPhase section */

/* Begin PBXTargetDependency section */
		0A15A9532061EA750055A5DD /* PBXTargetDependency */ = {
			isa = PBXTargetDependency;
			target = 0A15A9472061EA740055A5DD /* BeerCatalog */;
			targetProxy = 0A15A9522061EA750055A5DD /* PBXContainerItemProxy */;
		};
		0A15A9552061EA750055A5DD /* PBXTargetDependency */ = {
			isa = PBXTargetDependency;
			target = 0A5B6983205D5CBB0029AEE8 /* BeersApp */;
			targetProxy = 0A15A9542061EA750055A5DD /* PBXContainerItemProxy */;
		};
		0A15A95C2061EA750055A5DD /* PBXTargetDependency */ = {
			isa = PBXTargetDependency;
			target = 0A15A9472061EA740055A5DD /* BeerCatalog */;
			targetProxy = 0A15A95B2061EA750055A5DD /* PBXContainerItemProxy */;
		};
		0A5B699A205D5CBB0029AEE8 /* PBXTargetDependency */ = {
			isa = PBXTargetDependency;
			target = 0A5B6983205D5CBB0029AEE8 /* BeersApp */;
			targetProxy = 0A5B6999205D5CBB0029AEE8 /* PBXContainerItemProxy */;
		};
		0AB66F9C205E95A4003B4EA6 /* PBXTargetDependency */ = {
			isa = PBXTargetDependency;
			target = 0AB66F90205E95A4003B4EA6 /* NetworkFramework */;
			targetProxy = 0AB66F9B205E95A4003B4EA6 /* PBXContainerItemProxy */;
		};
		0AB66F9E205E95A4003B4EA6 /* PBXTargetDependency */ = {
			isa = PBXTargetDependency;
			target = 0A5B6983205D5CBB0029AEE8 /* BeersApp */;
			targetProxy = 0AB66F9D205E95A4003B4EA6 /* PBXContainerItemProxy */;
		};
		0AB66FA5205E95A4003B4EA6 /* PBXTargetDependency */ = {
			isa = PBXTargetDependency;
			target = 0AB66F90205E95A4003B4EA6 /* NetworkFramework */;
			targetProxy = 0AB66FA4205E95A4003B4EA6 /* PBXContainerItemProxy */;
		};
		0AB66FBE205E95D6003B4EA6 /* PBXTargetDependency */ = {
			isa = PBXTargetDependency;
			target = 0AB66FB2205E95D5003B4EA6 /* ModelsFramework */;
			targetProxy = 0AB66FBD205E95D6003B4EA6 /* PBXContainerItemProxy */;
		};
		0AB66FC0205E95D6003B4EA6 /* PBXTargetDependency */ = {
			isa = PBXTargetDependency;
			target = 0A5B6983205D5CBB0029AEE8 /* BeersApp */;
			targetProxy = 0AB66FBF205E95D6003B4EA6 /* PBXContainerItemProxy */;
		};
		0AB66FC7205E95D6003B4EA6 /* PBXTargetDependency */ = {
			isa = PBXTargetDependency;
			target = 0AB66FB2205E95D5003B4EA6 /* ModelsFramework */;
			targetProxy = 0AB66FC6205E95D6003B4EA6 /* PBXContainerItemProxy */;
		};
		0AB7DF3E205D5E38003939AC /* PBXTargetDependency */ = {
			isa = PBXTargetDependency;
			target = 0AB7DF37205D5E38003939AC /* UIFramework */;
			targetProxy = 0AB7DF3D205D5E38003939AC /* PBXContainerItemProxy */;
		};
		0AF9DC29205D7EFA004D9E9F /* PBXTargetDependency */ = {
			isa = PBXTargetDependency;
			target = 0AB7DF37205D5E38003939AC /* UIFramework */;
			targetProxy = 0AF9DC28205D7EFA004D9E9F /* PBXContainerItemProxy */;
		};
/* End PBXTargetDependency section */

/* Begin PBXVariantGroup section */
		0A5B6990205D5CBB0029AEE8 /* LaunchScreen.storyboard */ = {
			isa = PBXVariantGroup;
			children = (
				0A5B6991205D5CBB0029AEE8 /* Base */,
			);
			name = LaunchScreen.storyboard;
			sourceTree = "<group>";
		};
/* End PBXVariantGroup section */

/* Begin XCBuildConfiguration section */
		0A15A9602061EA750055A5DD /* Debug */ = {
			isa = XCBuildConfiguration;
			buildSettings = {
				CODE_SIGN_IDENTITY = "";
				CODE_SIGN_STYLE = Automatic;
				CURRENT_PROJECT_VERSION = 1;
				DEFINES_MODULE = YES;
				DEVELOPMENT_TEAM = J5P786SDN2;
				DYLIB_COMPATIBILITY_VERSION = 1;
				DYLIB_CURRENT_VERSION = 1;
				DYLIB_INSTALL_NAME_BASE = "@rpath";
				FRAMEWORK_SEARCH_PATHS = (
					"$(inherited)",
					"$(PROJECT_DIR)/Carthage/Build/iOS",
				);
				INFOPLIST_FILE = BeerCatalog/Info.plist;
				INSTALL_PATH = "$(LOCAL_LIBRARY_DIR)/Frameworks";
				LD_RUNPATH_SEARCH_PATHS = "$(inherited) @executable_path/Frameworks @loader_path/Frameworks";
				PRODUCT_BUNDLE_IDENTIFIER = com.tplioy.BeerCatalog;
				PRODUCT_NAME = "$(TARGET_NAME:c99extidentifier)";
				SKIP_INSTALL = YES;
				SWIFT_VERSION = 4.0;
				TARGETED_DEVICE_FAMILY = "1,2";
				VERSIONING_SYSTEM = "apple-generic";
				VERSION_INFO_PREFIX = "";
			};
			name = Debug;
		};
		0A15A9612061EA750055A5DD /* Release */ = {
			isa = XCBuildConfiguration;
			buildSettings = {
				CODE_SIGN_IDENTITY = "";
				CODE_SIGN_STYLE = Automatic;
				CURRENT_PROJECT_VERSION = 1;
				DEFINES_MODULE = YES;
				DEVELOPMENT_TEAM = J5P786SDN2;
				DYLIB_COMPATIBILITY_VERSION = 1;
				DYLIB_CURRENT_VERSION = 1;
				DYLIB_INSTALL_NAME_BASE = "@rpath";
				FRAMEWORK_SEARCH_PATHS = (
					"$(inherited)",
					"$(PROJECT_DIR)/Carthage/Build/iOS",
				);
				INFOPLIST_FILE = BeerCatalog/Info.plist;
				INSTALL_PATH = "$(LOCAL_LIBRARY_DIR)/Frameworks";
				LD_RUNPATH_SEARCH_PATHS = "$(inherited) @executable_path/Frameworks @loader_path/Frameworks";
				PRODUCT_BUNDLE_IDENTIFIER = com.tplioy.BeerCatalog;
				PRODUCT_NAME = "$(TARGET_NAME:c99extidentifier)";
				SKIP_INSTALL = YES;
				SWIFT_VERSION = 4.0;
				TARGETED_DEVICE_FAMILY = "1,2";
				VERSIONING_SYSTEM = "apple-generic";
				VERSION_INFO_PREFIX = "";
			};
			name = Release;
		};
		0A15A9632061EA750055A5DD /* Debug */ = {
			isa = XCBuildConfiguration;
			buildSettings = {
				ALWAYS_EMBED_SWIFT_STANDARD_LIBRARIES = YES;
				CODE_SIGN_STYLE = Automatic;
				DEVELOPMENT_TEAM = J5P786SDN2;
				FRAMEWORK_SEARCH_PATHS = (
					"$(inherited)",
					"$(PROJECT_DIR)/Carthage/Build/iOS",
				);
				INFOPLIST_FILE = BeerCatalogTests/Info.plist;
				LD_RUNPATH_SEARCH_PATHS = "$(inherited) @executable_path/Frameworks @loader_path/Frameworks";
				PRODUCT_BUNDLE_IDENTIFIER = com.tplioy.BeerCatalogTests;
				PRODUCT_NAME = "$(TARGET_NAME)";
				SWIFT_VERSION = 4.0;
				TARGETED_DEVICE_FAMILY = "1,2";
				TEST_HOST = "$(BUILT_PRODUCTS_DIR)/BeersApp.app/BeersApp";
			};
			name = Debug;
		};
		0A15A9642061EA750055A5DD /* Release */ = {
			isa = XCBuildConfiguration;
			buildSettings = {
				ALWAYS_EMBED_SWIFT_STANDARD_LIBRARIES = YES;
				CODE_SIGN_STYLE = Automatic;
				DEVELOPMENT_TEAM = J5P786SDN2;
				FRAMEWORK_SEARCH_PATHS = (
					"$(inherited)",
					"$(PROJECT_DIR)/Carthage/Build/iOS",
				);
				INFOPLIST_FILE = BeerCatalogTests/Info.plist;
				LD_RUNPATH_SEARCH_PATHS = "$(inherited) @executable_path/Frameworks @loader_path/Frameworks";
				PRODUCT_BUNDLE_IDENTIFIER = com.tplioy.BeerCatalogTests;
				PRODUCT_NAME = "$(TARGET_NAME)";
				SWIFT_VERSION = 4.0;
				TARGETED_DEVICE_FAMILY = "1,2";
				TEST_HOST = "$(BUILT_PRODUCTS_DIR)/BeersApp.app/BeersApp";
			};
			name = Release;
		};
		0A5B699F205D5CBB0029AEE8 /* Debug */ = {
			isa = XCBuildConfiguration;
			buildSettings = {
				ALWAYS_SEARCH_USER_PATHS = NO;
				CLANG_ANALYZER_NONNULL = YES;
				CLANG_ANALYZER_NUMBER_OBJECT_CONVERSION = YES_AGGRESSIVE;
				CLANG_CXX_LANGUAGE_STANDARD = "gnu++14";
				CLANG_CXX_LIBRARY = "libc++";
				CLANG_ENABLE_MODULES = YES;
				CLANG_ENABLE_OBJC_ARC = YES;
				CLANG_WARN_BLOCK_CAPTURE_AUTORELEASING = YES;
				CLANG_WARN_BOOL_CONVERSION = YES;
				CLANG_WARN_COMMA = YES;
				CLANG_WARN_CONSTANT_CONVERSION = YES;
				CLANG_WARN_DIRECT_OBJC_ISA_USAGE = YES_ERROR;
				CLANG_WARN_DOCUMENTATION_COMMENTS = YES;
				CLANG_WARN_EMPTY_BODY = YES;
				CLANG_WARN_ENUM_CONVERSION = YES;
				CLANG_WARN_INFINITE_RECURSION = YES;
				CLANG_WARN_INT_CONVERSION = YES;
				CLANG_WARN_NON_LITERAL_NULL_CONVERSION = YES;
				CLANG_WARN_OBJC_LITERAL_CONVERSION = YES;
				CLANG_WARN_OBJC_ROOT_CLASS = YES_ERROR;
				CLANG_WARN_RANGE_LOOP_ANALYSIS = YES;
				CLANG_WARN_STRICT_PROTOTYPES = YES;
				CLANG_WARN_SUSPICIOUS_MOVE = YES;
				CLANG_WARN_UNGUARDED_AVAILABILITY = YES_AGGRESSIVE;
				CLANG_WARN_UNREACHABLE_CODE = YES;
				CLANG_WARN__DUPLICATE_METHOD_MATCH = YES;
				CODE_SIGN_IDENTITY = "iPhone Developer";
				COPY_PHASE_STRIP = NO;
				DEBUG_INFORMATION_FORMAT = dwarf;
				ENABLE_STRICT_OBJC_MSGSEND = YES;
				ENABLE_TESTABILITY = YES;
				GCC_C_LANGUAGE_STANDARD = gnu11;
				GCC_DYNAMIC_NO_PIC = NO;
				GCC_NO_COMMON_BLOCKS = YES;
				GCC_OPTIMIZATION_LEVEL = 0;
				GCC_PREPROCESSOR_DEFINITIONS = (
					"DEBUG=1",
					"$(inherited)",
				);
				GCC_WARN_64_TO_32_BIT_CONVERSION = YES;
				GCC_WARN_ABOUT_RETURN_TYPE = YES_ERROR;
				GCC_WARN_UNDECLARED_SELECTOR = YES;
				GCC_WARN_UNINITIALIZED_AUTOS = YES_AGGRESSIVE;
				GCC_WARN_UNUSED_FUNCTION = YES;
				GCC_WARN_UNUSED_VARIABLE = YES;
				IPHONEOS_DEPLOYMENT_TARGET = 11.2;
				MTL_ENABLE_DEBUG_INFO = YES;
				ONLY_ACTIVE_ARCH = YES;
				SDKROOT = iphoneos;
				SWIFT_ACTIVE_COMPILATION_CONDITIONS = DEBUG;
				SWIFT_OPTIMIZATION_LEVEL = "-Onone";
			};
			name = Debug;
		};
		0A5B69A0205D5CBB0029AEE8 /* Release */ = {
			isa = XCBuildConfiguration;
			buildSettings = {
				ALWAYS_SEARCH_USER_PATHS = NO;
				CLANG_ANALYZER_NONNULL = YES;
				CLANG_ANALYZER_NUMBER_OBJECT_CONVERSION = YES_AGGRESSIVE;
				CLANG_CXX_LANGUAGE_STANDARD = "gnu++14";
				CLANG_CXX_LIBRARY = "libc++";
				CLANG_ENABLE_MODULES = YES;
				CLANG_ENABLE_OBJC_ARC = YES;
				CLANG_WARN_BLOCK_CAPTURE_AUTORELEASING = YES;
				CLANG_WARN_BOOL_CONVERSION = YES;
				CLANG_WARN_COMMA = YES;
				CLANG_WARN_CONSTANT_CONVERSION = YES;
				CLANG_WARN_DIRECT_OBJC_ISA_USAGE = YES_ERROR;
				CLANG_WARN_DOCUMENTATION_COMMENTS = YES;
				CLANG_WARN_EMPTY_BODY = YES;
				CLANG_WARN_ENUM_CONVERSION = YES;
				CLANG_WARN_INFINITE_RECURSION = YES;
				CLANG_WARN_INT_CONVERSION = YES;
				CLANG_WARN_NON_LITERAL_NULL_CONVERSION = YES;
				CLANG_WARN_OBJC_LITERAL_CONVERSION = YES;
				CLANG_WARN_OBJC_ROOT_CLASS = YES_ERROR;
				CLANG_WARN_RANGE_LOOP_ANALYSIS = YES;
				CLANG_WARN_STRICT_PROTOTYPES = YES;
				CLANG_WARN_SUSPICIOUS_MOVE = YES;
				CLANG_WARN_UNGUARDED_AVAILABILITY = YES_AGGRESSIVE;
				CLANG_WARN_UNREACHABLE_CODE = YES;
				CLANG_WARN__DUPLICATE_METHOD_MATCH = YES;
				CODE_SIGN_IDENTITY = "iPhone Developer";
				COPY_PHASE_STRIP = NO;
				DEBUG_INFORMATION_FORMAT = "dwarf-with-dsym";
				ENABLE_NS_ASSERTIONS = NO;
				ENABLE_STRICT_OBJC_MSGSEND = YES;
				GCC_C_LANGUAGE_STANDARD = gnu11;
				GCC_NO_COMMON_BLOCKS = YES;
				GCC_WARN_64_TO_32_BIT_CONVERSION = YES;
				GCC_WARN_ABOUT_RETURN_TYPE = YES_ERROR;
				GCC_WARN_UNDECLARED_SELECTOR = YES;
				GCC_WARN_UNINITIALIZED_AUTOS = YES_AGGRESSIVE;
				GCC_WARN_UNUSED_FUNCTION = YES;
				GCC_WARN_UNUSED_VARIABLE = YES;
				IPHONEOS_DEPLOYMENT_TARGET = 11.2;
				MTL_ENABLE_DEBUG_INFO = NO;
				SDKROOT = iphoneos;
				SWIFT_OPTIMIZATION_LEVEL = "-Owholemodule";
				VALIDATE_PRODUCT = YES;
			};
			name = Release;
		};
		0A5B69A2205D5CBB0029AEE8 /* Debug */ = {
			isa = XCBuildConfiguration;
			buildSettings = {
				ALWAYS_EMBED_SWIFT_STANDARD_LIBRARIES = YES;
				ASSETCATALOG_COMPILER_APPICON_NAME = AppIcon;
				CODE_SIGN_STYLE = Automatic;
				DEVELOPMENT_TEAM = J5P786SDN2;
				FRAMEWORK_SEARCH_PATHS = (
					"$(inherited)",
					"$(PROJECT_DIR)/Carthage/Build/iOS",
				);
				INFOPLIST_FILE = BeersApp/Info.plist;
				LD_RUNPATH_SEARCH_PATHS = "$(inherited) @executable_path/Frameworks";
				PRODUCT_BUNDLE_IDENTIFIER = com.tplioy.BeersApp;
				PRODUCT_NAME = "$(TARGET_NAME)";
				SWIFT_VERSION = 4.0;
				TARGETED_DEVICE_FAMILY = "1,2";
			};
			name = Debug;
		};
		0A5B69A3205D5CBB0029AEE8 /* Release */ = {
			isa = XCBuildConfiguration;
			buildSettings = {
				ALWAYS_EMBED_SWIFT_STANDARD_LIBRARIES = YES;
				ASSETCATALOG_COMPILER_APPICON_NAME = AppIcon;
				CODE_SIGN_STYLE = Automatic;
				DEVELOPMENT_TEAM = J5P786SDN2;
				FRAMEWORK_SEARCH_PATHS = (
					"$(inherited)",
					"$(PROJECT_DIR)/Carthage/Build/iOS",
				);
				INFOPLIST_FILE = BeersApp/Info.plist;
				LD_RUNPATH_SEARCH_PATHS = "$(inherited) @executable_path/Frameworks";
				PRODUCT_BUNDLE_IDENTIFIER = com.tplioy.BeersApp;
				PRODUCT_NAME = "$(TARGET_NAME)";
				SWIFT_VERSION = 4.0;
				TARGETED_DEVICE_FAMILY = "1,2";
			};
			name = Release;
		};
		0A5B69A5205D5CBB0029AEE8 /* Debug */ = {
			isa = XCBuildConfiguration;
			buildSettings = {
				ALWAYS_EMBED_SWIFT_STANDARD_LIBRARIES = YES;
				BUNDLE_LOADER = "$(TEST_HOST)";
				CODE_SIGN_STYLE = Automatic;
				DEVELOPMENT_TEAM = J5P786SDN2;
				FRAMEWORK_SEARCH_PATHS = (
					"$(inherited)",
					"$(PROJECT_DIR)/Carthage/Build/iOS",
				);
				INFOPLIST_FILE = BeersAppTests/Info.plist;
				LD_RUNPATH_SEARCH_PATHS = "$(inherited) @executable_path/Frameworks @loader_path/Frameworks";
				PRODUCT_BUNDLE_IDENTIFIER = com.tplioy.BeersAppTests;
				PRODUCT_NAME = "$(TARGET_NAME)";
				SWIFT_VERSION = 4.0;
				TARGETED_DEVICE_FAMILY = "1,2";
				TEST_HOST = "$(BUILT_PRODUCTS_DIR)/BeersApp.app/BeersApp";
			};
			name = Debug;
		};
		0A5B69A6205D5CBB0029AEE8 /* Release */ = {
			isa = XCBuildConfiguration;
			buildSettings = {
				ALWAYS_EMBED_SWIFT_STANDARD_LIBRARIES = YES;
				BUNDLE_LOADER = "$(TEST_HOST)";
				CODE_SIGN_STYLE = Automatic;
				DEVELOPMENT_TEAM = J5P786SDN2;
				FRAMEWORK_SEARCH_PATHS = (
					"$(inherited)",
					"$(PROJECT_DIR)/Carthage/Build/iOS",
				);
				INFOPLIST_FILE = BeersAppTests/Info.plist;
				LD_RUNPATH_SEARCH_PATHS = "$(inherited) @executable_path/Frameworks @loader_path/Frameworks";
				PRODUCT_BUNDLE_IDENTIFIER = com.tplioy.BeersAppTests;
				PRODUCT_NAME = "$(TARGET_NAME)";
				SWIFT_VERSION = 4.0;
				TARGETED_DEVICE_FAMILY = "1,2";
				TEST_HOST = "$(BUILT_PRODUCTS_DIR)/BeersApp.app/BeersApp";
			};
			name = Release;
		};
		0AB66FA8205E95A4003B4EA6 /* Debug */ = {
			isa = XCBuildConfiguration;
			buildSettings = {
				CLANG_ENABLE_MODULES = YES;
				CODE_SIGN_IDENTITY = "";
				CODE_SIGN_STYLE = Automatic;
				CURRENT_PROJECT_VERSION = 1;
				DEFINES_MODULE = YES;
				DEVELOPMENT_TEAM = J5P786SDN2;
				DYLIB_COMPATIBILITY_VERSION = 1;
				DYLIB_CURRENT_VERSION = 1;
				DYLIB_INSTALL_NAME_BASE = "@rpath";
				INFOPLIST_FILE = NetworkFramework/Info.plist;
				INSTALL_PATH = "$(LOCAL_LIBRARY_DIR)/Frameworks";
				LD_RUNPATH_SEARCH_PATHS = "$(inherited) @executable_path/Frameworks @loader_path/Frameworks";
				PRODUCT_BUNDLE_IDENTIFIER = com.tplioy.NetworkFramework;
				PRODUCT_NAME = "$(TARGET_NAME:c99extidentifier)";
				SKIP_INSTALL = YES;
				SWIFT_OPTIMIZATION_LEVEL = "-Onone";
				SWIFT_VERSION = 4.0;
				TARGETED_DEVICE_FAMILY = "1,2";
				VERSIONING_SYSTEM = "apple-generic";
				VERSION_INFO_PREFIX = "";
			};
			name = Debug;
		};
		0AB66FA9205E95A4003B4EA6 /* Release */ = {
			isa = XCBuildConfiguration;
			buildSettings = {
				CLANG_ENABLE_MODULES = YES;
				CODE_SIGN_IDENTITY = "";
				CODE_SIGN_STYLE = Automatic;
				CURRENT_PROJECT_VERSION = 1;
				DEFINES_MODULE = YES;
				DEVELOPMENT_TEAM = J5P786SDN2;
				DYLIB_COMPATIBILITY_VERSION = 1;
				DYLIB_CURRENT_VERSION = 1;
				DYLIB_INSTALL_NAME_BASE = "@rpath";
				INFOPLIST_FILE = NetworkFramework/Info.plist;
				INSTALL_PATH = "$(LOCAL_LIBRARY_DIR)/Frameworks";
				LD_RUNPATH_SEARCH_PATHS = "$(inherited) @executable_path/Frameworks @loader_path/Frameworks";
				PRODUCT_BUNDLE_IDENTIFIER = com.tplioy.NetworkFramework;
				PRODUCT_NAME = "$(TARGET_NAME:c99extidentifier)";
				SKIP_INSTALL = YES;
				SWIFT_VERSION = 4.0;
				TARGETED_DEVICE_FAMILY = "1,2";
				VERSIONING_SYSTEM = "apple-generic";
				VERSION_INFO_PREFIX = "";
			};
			name = Release;
		};
		0AB66FAA205E95A4003B4EA6 /* Debug */ = {
			isa = XCBuildConfiguration;
			buildSettings = {
				ALWAYS_EMBED_SWIFT_STANDARD_LIBRARIES = YES;
				CODE_SIGN_STYLE = Automatic;
				DEVELOPMENT_TEAM = J5P786SDN2;
				INFOPLIST_FILE = NetworkFrameworkTests/Info.plist;
				LD_RUNPATH_SEARCH_PATHS = "$(inherited) @executable_path/Frameworks @loader_path/Frameworks";
				PRODUCT_BUNDLE_IDENTIFIER = com.tplioy.NetworkFrameworkTests;
				PRODUCT_NAME = "$(TARGET_NAME)";
				SWIFT_VERSION = 4.0;
				TARGETED_DEVICE_FAMILY = "1,2";
				TEST_HOST = "$(BUILT_PRODUCTS_DIR)/BeersApp.app/BeersApp";
			};
			name = Debug;
		};
		0AB66FAB205E95A4003B4EA6 /* Release */ = {
			isa = XCBuildConfiguration;
			buildSettings = {
				ALWAYS_EMBED_SWIFT_STANDARD_LIBRARIES = YES;
				CODE_SIGN_STYLE = Automatic;
				DEVELOPMENT_TEAM = J5P786SDN2;
				INFOPLIST_FILE = NetworkFrameworkTests/Info.plist;
				LD_RUNPATH_SEARCH_PATHS = "$(inherited) @executable_path/Frameworks @loader_path/Frameworks";
				PRODUCT_BUNDLE_IDENTIFIER = com.tplioy.NetworkFrameworkTests;
				PRODUCT_NAME = "$(TARGET_NAME)";
				SWIFT_VERSION = 4.0;
				TARGETED_DEVICE_FAMILY = "1,2";
				TEST_HOST = "$(BUILT_PRODUCTS_DIR)/BeersApp.app/BeersApp";
			};
			name = Release;
		};
		0AB66FCB205E95D6003B4EA6 /* Debug */ = {
			isa = XCBuildConfiguration;
			buildSettings = {
				CLANG_ENABLE_MODULES = YES;
				CODE_SIGN_IDENTITY = "";
				CODE_SIGN_STYLE = Automatic;
				CURRENT_PROJECT_VERSION = 1;
				DEFINES_MODULE = YES;
				DEVELOPMENT_TEAM = J5P786SDN2;
				DYLIB_COMPATIBILITY_VERSION = 1;
				DYLIB_CURRENT_VERSION = 1;
				DYLIB_INSTALL_NAME_BASE = "@rpath";
				INFOPLIST_FILE = ModelsFramework/Info.plist;
				INSTALL_PATH = "$(LOCAL_LIBRARY_DIR)/Frameworks";
				LD_RUNPATH_SEARCH_PATHS = "$(inherited) @executable_path/Frameworks @loader_path/Frameworks";
				PRODUCT_BUNDLE_IDENTIFIER = com.tplioy.ModelsFramework;
				PRODUCT_NAME = "$(TARGET_NAME:c99extidentifier)";
				SKIP_INSTALL = YES;
				SWIFT_OPTIMIZATION_LEVEL = "-Onone";
				SWIFT_VERSION = 4.0;
				TARGETED_DEVICE_FAMILY = "1,2";
				VERSIONING_SYSTEM = "apple-generic";
				VERSION_INFO_PREFIX = "";
			};
			name = Debug;
		};
		0AB66FCC205E95D6003B4EA6 /* Release */ = {
			isa = XCBuildConfiguration;
			buildSettings = {
				CLANG_ENABLE_MODULES = YES;
				CODE_SIGN_IDENTITY = "";
				CODE_SIGN_STYLE = Automatic;
				CURRENT_PROJECT_VERSION = 1;
				DEFINES_MODULE = YES;
				DEVELOPMENT_TEAM = J5P786SDN2;
				DYLIB_COMPATIBILITY_VERSION = 1;
				DYLIB_CURRENT_VERSION = 1;
				DYLIB_INSTALL_NAME_BASE = "@rpath";
				INFOPLIST_FILE = ModelsFramework/Info.plist;
				INSTALL_PATH = "$(LOCAL_LIBRARY_DIR)/Frameworks";
				LD_RUNPATH_SEARCH_PATHS = "$(inherited) @executable_path/Frameworks @loader_path/Frameworks";
				PRODUCT_BUNDLE_IDENTIFIER = com.tplioy.ModelsFramework;
				PRODUCT_NAME = "$(TARGET_NAME:c99extidentifier)";
				SKIP_INSTALL = YES;
				SWIFT_VERSION = 4.0;
				TARGETED_DEVICE_FAMILY = "1,2";
				VERSIONING_SYSTEM = "apple-generic";
				VERSION_INFO_PREFIX = "";
			};
			name = Release;
		};
		0AB66FCE205E95D6003B4EA6 /* Debug */ = {
			isa = XCBuildConfiguration;
			buildSettings = {
				ALWAYS_EMBED_SWIFT_STANDARD_LIBRARIES = YES;
				CODE_SIGN_STYLE = Automatic;
				DEVELOPMENT_TEAM = J5P786SDN2;
				FRAMEWORK_SEARCH_PATHS = (
					"$(inherited)",
					"$(PROJECT_DIR)/Carthage/Build/iOS",
				);
				INFOPLIST_FILE = ModelsFrameworkTests/Info.plist;
				LD_RUNPATH_SEARCH_PATHS = "$(inherited) @executable_path/Frameworks @loader_path/Frameworks";
				PRODUCT_BUNDLE_IDENTIFIER = com.tplioy.ModelsFrameworkTests;
				PRODUCT_NAME = "$(TARGET_NAME)";
				SWIFT_VERSION = 4.0;
				TARGETED_DEVICE_FAMILY = "1,2";
				TEST_HOST = "$(BUILT_PRODUCTS_DIR)/BeersApp.app/BeersApp";
			};
			name = Debug;
		};
		0AB66FCF205E95D6003B4EA6 /* Release */ = {
			isa = XCBuildConfiguration;
			buildSettings = {
				ALWAYS_EMBED_SWIFT_STANDARD_LIBRARIES = YES;
				CODE_SIGN_STYLE = Automatic;
				DEVELOPMENT_TEAM = J5P786SDN2;
				FRAMEWORK_SEARCH_PATHS = (
					"$(inherited)",
					"$(PROJECT_DIR)/Carthage/Build/iOS",
				);
				INFOPLIST_FILE = ModelsFrameworkTests/Info.plist;
				LD_RUNPATH_SEARCH_PATHS = "$(inherited) @executable_path/Frameworks @loader_path/Frameworks";
				PRODUCT_BUNDLE_IDENTIFIER = com.tplioy.ModelsFrameworkTests;
				PRODUCT_NAME = "$(TARGET_NAME)";
				SWIFT_VERSION = 4.0;
				TARGETED_DEVICE_FAMILY = "1,2";
				TEST_HOST = "$(BUILT_PRODUCTS_DIR)/BeersApp.app/BeersApp";
			};
			name = Release;
		};
		0AB7DF41205D5E38003939AC /* Debug */ = {
			isa = XCBuildConfiguration;
			buildSettings = {
				CLANG_ENABLE_MODULES = YES;
				CODE_SIGN_IDENTITY = "";
				CODE_SIGN_STYLE = Automatic;
				CURRENT_PROJECT_VERSION = 1;
				DEFINES_MODULE = YES;
				DEVELOPMENT_TEAM = J5P786SDN2;
				DYLIB_COMPATIBILITY_VERSION = 1;
				DYLIB_CURRENT_VERSION = 1;
				DYLIB_INSTALL_NAME_BASE = "@rpath";
				FRAMEWORK_SEARCH_PATHS = (
					"$(inherited)",
					"$(PROJECT_DIR)/Carthage/Build/iOS",
				);
				INFOPLIST_FILE = UIFramework/Info.plist;
				INSTALL_PATH = "$(LOCAL_LIBRARY_DIR)/Frameworks";
				LD_RUNPATH_SEARCH_PATHS = "$(inherited) @executable_path/Frameworks @loader_path/Frameworks";
				PRODUCT_BUNDLE_IDENTIFIER = com.tplioy.UIFramework;
				PRODUCT_NAME = "$(TARGET_NAME:c99extidentifier)";
				SKIP_INSTALL = YES;
				SWIFT_OPTIMIZATION_LEVEL = "-Onone";
				SWIFT_VERSION = 4.0;
				TARGETED_DEVICE_FAMILY = "1,2";
				VERSIONING_SYSTEM = "apple-generic";
				VERSION_INFO_PREFIX = "";
			};
			name = Debug;
		};
		0AB7DF42205D5E38003939AC /* Release */ = {
			isa = XCBuildConfiguration;
			buildSettings = {
				CLANG_ENABLE_MODULES = YES;
				CODE_SIGN_IDENTITY = "";
				CODE_SIGN_STYLE = Automatic;
				CURRENT_PROJECT_VERSION = 1;
				DEFINES_MODULE = YES;
				DEVELOPMENT_TEAM = J5P786SDN2;
				DYLIB_COMPATIBILITY_VERSION = 1;
				DYLIB_CURRENT_VERSION = 1;
				DYLIB_INSTALL_NAME_BASE = "@rpath";
				FRAMEWORK_SEARCH_PATHS = (
					"$(inherited)",
					"$(PROJECT_DIR)/Carthage/Build/iOS",
				);
				INFOPLIST_FILE = UIFramework/Info.plist;
				INSTALL_PATH = "$(LOCAL_LIBRARY_DIR)/Frameworks";
				LD_RUNPATH_SEARCH_PATHS = "$(inherited) @executable_path/Frameworks @loader_path/Frameworks";
				PRODUCT_BUNDLE_IDENTIFIER = com.tplioy.UIFramework;
				PRODUCT_NAME = "$(TARGET_NAME:c99extidentifier)";
				SKIP_INSTALL = YES;
				SWIFT_VERSION = 4.0;
				TARGETED_DEVICE_FAMILY = "1,2";
				VERSIONING_SYSTEM = "apple-generic";
				VERSION_INFO_PREFIX = "";
			};
			name = Release;
		};
		0AF9DC2B205D7EFA004D9E9F /* Debug */ = {
			isa = XCBuildConfiguration;
			buildSettings = {
				CODE_SIGN_STYLE = Automatic;
				DEVELOPMENT_TEAM = J5P786SDN2;
				FRAMEWORK_SEARCH_PATHS = (
					"$(inherited)",
					"$(PROJECT_DIR)/Carthage/Build/iOS",
				);
				INFOPLIST_FILE = UIFrameworkTests/Info.plist;
				LD_RUNPATH_SEARCH_PATHS = "$(inherited) @executable_path/Frameworks @loader_path/Frameworks";
				PRODUCT_BUNDLE_IDENTIFIER = com.tplioy.UIFrameworkTests;
				PRODUCT_NAME = "$(TARGET_NAME)";
				SWIFT_VERSION = 4.0;
				TARGETED_DEVICE_FAMILY = "1,2";
			};
			name = Debug;
		};
		0AF9DC2C205D7EFA004D9E9F /* Release */ = {
			isa = XCBuildConfiguration;
			buildSettings = {
				CODE_SIGN_STYLE = Automatic;
				DEVELOPMENT_TEAM = J5P786SDN2;
				FRAMEWORK_SEARCH_PATHS = (
					"$(inherited)",
					"$(PROJECT_DIR)/Carthage/Build/iOS",
				);
				INFOPLIST_FILE = UIFrameworkTests/Info.plist;
				LD_RUNPATH_SEARCH_PATHS = "$(inherited) @executable_path/Frameworks @loader_path/Frameworks";
				PRODUCT_BUNDLE_IDENTIFIER = com.tplioy.UIFrameworkTests;
				PRODUCT_NAME = "$(TARGET_NAME)";
				SWIFT_VERSION = 4.0;
				TARGETED_DEVICE_FAMILY = "1,2";
			};
			name = Release;
		};
/* End XCBuildConfiguration section */

/* Begin XCConfigurationList section */
		0A15A95F2061EA750055A5DD /* Build configuration list for PBXNativeTarget "BeerCatalog" */ = {
			isa = XCConfigurationList;
			buildConfigurations = (
				0A15A9602061EA750055A5DD /* Debug */,
				0A15A9612061EA750055A5DD /* Release */,
			);
			defaultConfigurationIsVisible = 0;
			defaultConfigurationName = Release;
		};
		0A15A9622061EA750055A5DD /* Build configuration list for PBXNativeTarget "BeerCatalogTests" */ = {
			isa = XCConfigurationList;
			buildConfigurations = (
				0A15A9632061EA750055A5DD /* Debug */,
				0A15A9642061EA750055A5DD /* Release */,
			);
			defaultConfigurationIsVisible = 0;
			defaultConfigurationName = Release;
		};
		0A5B697F205D5CBB0029AEE8 /* Build configuration list for PBXProject "BeersApp" */ = {
			isa = XCConfigurationList;
			buildConfigurations = (
				0A5B699F205D5CBB0029AEE8 /* Debug */,
				0A5B69A0205D5CBB0029AEE8 /* Release */,
			);
			defaultConfigurationIsVisible = 0;
			defaultConfigurationName = Release;
		};
		0A5B69A1205D5CBB0029AEE8 /* Build configuration list for PBXNativeTarget "BeersApp" */ = {
			isa = XCConfigurationList;
			buildConfigurations = (
				0A5B69A2205D5CBB0029AEE8 /* Debug */,
				0A5B69A3205D5CBB0029AEE8 /* Release */,
			);
			defaultConfigurationIsVisible = 0;
			defaultConfigurationName = Release;
		};
		0A5B69A4205D5CBB0029AEE8 /* Build configuration list for PBXNativeTarget "BeersAppTests" */ = {
			isa = XCConfigurationList;
			buildConfigurations = (
				0A5B69A5205D5CBB0029AEE8 /* Debug */,
				0A5B69A6205D5CBB0029AEE8 /* Release */,
			);
			defaultConfigurationIsVisible = 0;
			defaultConfigurationName = Release;
		};
		0AB66FAC205E95A4003B4EA6 /* Build configuration list for PBXNativeTarget "NetworkFramework" */ = {
			isa = XCConfigurationList;
			buildConfigurations = (
				0AB66FA8205E95A4003B4EA6 /* Debug */,
				0AB66FA9205E95A4003B4EA6 /* Release */,
			);
			defaultConfigurationIsVisible = 0;
			defaultConfigurationName = Release;
		};
		0AB66FAD205E95A4003B4EA6 /* Build configuration list for PBXNativeTarget "NetworkFrameworkTests" */ = {
			isa = XCConfigurationList;
			buildConfigurations = (
				0AB66FAA205E95A4003B4EA6 /* Debug */,
				0AB66FAB205E95A4003B4EA6 /* Release */,
			);
			defaultConfigurationIsVisible = 0;
			defaultConfigurationName = Release;
		};
		0AB66FCA205E95D6003B4EA6 /* Build configuration list for PBXNativeTarget "ModelsFramework" */ = {
			isa = XCConfigurationList;
			buildConfigurations = (
				0AB66FCB205E95D6003B4EA6 /* Debug */,
				0AB66FCC205E95D6003B4EA6 /* Release */,
			);
			defaultConfigurationIsVisible = 0;
			defaultConfigurationName = Release;
		};
		0AB66FCD205E95D6003B4EA6 /* Build configuration list for PBXNativeTarget "ModelsFrameworkTests" */ = {
			isa = XCConfigurationList;
			buildConfigurations = (
				0AB66FCE205E95D6003B4EA6 /* Debug */,
				0AB66FCF205E95D6003B4EA6 /* Release */,
			);
			defaultConfigurationIsVisible = 0;
			defaultConfigurationName = Release;
		};
		0AB7DF43205D5E38003939AC /* Build configuration list for PBXNativeTarget "UIFramework" */ = {
			isa = XCConfigurationList;
			buildConfigurations = (
				0AB7DF41205D5E38003939AC /* Debug */,
				0AB7DF42205D5E38003939AC /* Release */,
			);
			defaultConfigurationIsVisible = 0;
			defaultConfigurationName = Release;
		};
		0AF9DC2A205D7EFA004D9E9F /* Build configuration list for PBXNativeTarget "UIFrameworkTests" */ = {
			isa = XCConfigurationList;
			buildConfigurations = (
				0AF9DC2B205D7EFA004D9E9F /* Debug */,
				0AF9DC2C205D7EFA004D9E9F /* Release */,
			);
			defaultConfigurationIsVisible = 0;
			defaultConfigurationName = Release;
		};
/* End XCConfigurationList section */
	};
	rootObject = 0A5B697C205D5CBB0029AEE8 /* Project object */;
}
